// !$*UTF8*$!
{
	archiveVersion = 1;
	classes = {
	};
	objectVersion = 46;
	objects = {

/* Begin PBXBuildFile section */
		4EF2D81EE54D53CA8412B0BC /* FrameCodec.swift in Sources */ = {isa = PBXBuildFile; fileRef = 3105CAB5DA2E15CC968E4B24 /* FrameCodec.swift */; };
		55FCED3DBBBD565A086D8421 /* FrameStreamDecoderTests.swift in Sources */ = {isa = PBXBuildFile; fileRef = 5DA446231C053D63F3260F74 /* FrameStreamDecoderTests.swift */; };
		6D489A97850197699C2B633B /* Foundation.framework in Frameworks */ = {isa = PBXBuildFile; fileRef = 0B3E490B5B18779E7734B147 /* Foundation.framework */; };
		9D81AE7736D2113DCFE4344F /* Foundation.framework in Frameworks */ = {isa = PBXBuildFile; fileRef = 0B3E490B5B18779E7734B147 /* Foundation.framework */; };
		A2BAA2CD16AF7115670DC86C /* FrameType.swift in Sources */ = {isa = PBXBuildFile; fileRef = D3D3761B397C2F23510AFA3D /* FrameType.swift */; };
		A4CA50A0140874F72AA287D3 /* FrameCodecTests.swift in Sources */ = {isa = PBXBuildFile; fileRef = B7B1828C3DBF3266CDBBD23C /* FrameCodecTests.swift */; };
		A6C501C5BA1D619DD35C4439 /* AppLaunchUITests.swift in Sources */ = {isa = PBXBuildFile; fileRef = 05926740DACBEE44087FA8FB /* AppLaunchUITests.swift */; };
		A9993659D8A2216231B0B4E7 /* FrameStreamDecoder.swift in Sources */ = {isa = PBXBuildFile; fileRef = DF97D067BC573D536E92AF50 /* FrameStreamDecoder.swift */; };
		BC8E0C8A68098C93AF83E1BD /* ChatStorageApp.swift in Sources */ = {isa = PBXBuildFile; fileRef = AFE044489013E6649A6247FC /* ChatStorageApp.swift */; };
		C1188A2644CEE12FE573EE85 /* Frame.swift in Sources */ = {isa = PBXBuildFile; fileRef = F3E567B8A9238CD2060C30AE /* Frame.swift */; };
		C401092934D4901DC1DF3E04 /* ProtocolJSON.swift in Sources */ = {isa = PBXBuildFile; fileRef = 6097FC7F7740F8A84177755F /* ProtocolJSON.swift */; };
		E2986D2E4FB34490A3CE272F /* Foundation.framework in Frameworks */ = {isa = PBXBuildFile; fileRef = 0B3E490B5B18779E7734B147 /* Foundation.framework */; };
		EDEDEDF30CCFEB29F3BED861 /* SmokeTests.swift in Sources */ = {isa = PBXBuildFile; fileRef = E2F21548172680427315059D /* SmokeTests.swift */; };
/* End PBXBuildFile section */

/* Begin PBXContainerItemProxy section */
		677ACB49A641F2C766F57F57 /* PBXContainerItemProxy */ = {
			isa = PBXContainerItemProxy;
			containerPortal = AEBE377208944F9DD90D78ED /* Project object */;
			proxyType = 1;
			remoteGlobalIDString = 3BBB574C03C908991EBEE946;
			remoteInfo = ChatStorage;
		};
		AD6CE3D151B36DF43D2385C6 /* PBXContainerItemProxy */ = {
			isa = PBXContainerItemProxy;
			containerPortal = AEBE377208944F9DD90D78ED /* Project object */;
			proxyType = 1;
			remoteGlobalIDString = 3BBB574C03C908991EBEE946;
			remoteInfo = ChatStorage;
		};
/* End PBXContainerItemProxy section */

/* Begin PBXFileReference section */
		05926740DACBEE44087FA8FB /* AppLaunchUITests.swift */ = {isa = PBXFileReference; includeInIndex = 1; lastKnownFileType = sourcecode.swift; name = AppLaunchUITests.swift; path = ChatStorageUITests/AppLaunchUITests.swift; sourceTree = "<group>"; };
		0B3E490B5B18779E7734B147 /* Foundation.framework */ = {isa = PBXFileReference; lastKnownFileType = wrapper.framework; name = Foundation.framework; path = Platforms/iPhoneOS.platform/Developer/SDKs/iPhoneOS18.0.sdk/System/Library/Frameworks/Foundation.framework; sourceTree = DEVELOPER_DIR; };
		3105CAB5DA2E15CC968E4B24 /* FrameCodec.swift */ = {isa = PBXFileReference; includeInIndex = 1; lastKnownFileType = sourcecode.swift; name = FrameCodec.swift; path = ChatStorage/Core/Protocol/FrameCodec.swift; sourceTree = "<group>"; };
		35C10F8BC35E734ADD60DA02 /* ChatStorageUITests.xctest */ = {isa = PBXFileReference; explicitFileType = wrapper.cfbundle; includeInIndex = 0; path = ChatStorageUITests.xctest; sourceTree = BUILT_PRODUCTS_DIR; };
		5DA446231C053D63F3260F74 /* FrameStreamDecoderTests.swift */ = {isa = PBXFileReference; includeInIndex = 1; lastKnownFileType = sourcecode.swift; name = FrameStreamDecoderTests.swift; path = ChatStorageTests/Protocol/FrameStreamDecoderTests.swift; sourceTree = "<group>"; };
		6097FC7F7740F8A84177755F /* ProtocolJSON.swift */ = {isa = PBXFileReference; includeInIndex = 1; lastKnownFileType = sourcecode.swift; name = ProtocolJSON.swift; path = ChatStorage/Core/Protocol/ProtocolJSON.swift; sourceTree = "<group>"; };
		920F7A101FA09BDA56903AAB /* ChatStorageTests.xctest */ = {isa = PBXFileReference; explicitFileType = wrapper.cfbundle; includeInIndex = 0; path = ChatStorageTests.xctest; sourceTree = BUILT_PRODUCTS_DIR; };
		A0B7405E8AE24341B6FB9DE3 /* ChatStorage.app */ = {isa = PBXFileReference; explicitFileType = wrapper.application; includeInIndex = 0; path = ChatStorage.app; sourceTree = BUILT_PRODUCTS_DIR; };
		AFE044489013E6649A6247FC /* ChatStorageApp.swift */ = {isa = PBXFileReference; includeInIndex = 1; lastKnownFileType = sourcecode.swift; name = ChatStorageApp.swift; path = ChatStorage/App/ChatStorageApp.swift; sourceTree = "<group>"; };
		B7B1828C3DBF3266CDBBD23C /* FrameCodecTests.swift */ = {isa = PBXFileReference; includeInIndex = 1; lastKnownFileType = sourcecode.swift; name = FrameCodecTests.swift; path = ChatStorageTests/Protocol/FrameCodecTests.swift; sourceTree = "<group>"; };
		D3D3761B397C2F23510AFA3D /* FrameType.swift */ = {isa = PBXFileReference; includeInIndex = 1; lastKnownFileType = sourcecode.swift; name = FrameType.swift; path = ChatStorage/Core/Protocol/FrameType.swift; sourceTree = "<group>"; };
		DF97D067BC573D536E92AF50 /* FrameStreamDecoder.swift */ = {isa = PBXFileReference; includeInIndex = 1; lastKnownFileType = sourcecode.swift; name = FrameStreamDecoder.swift; path = ChatStorage/Core/Protocol/FrameStreamDecoder.swift; sourceTree = "<group>"; };
		E2F21548172680427315059D /* SmokeTests.swift */ = {isa = PBXFileReference; includeInIndex = 1; lastKnownFileType = sourcecode.swift; name = SmokeTests.swift; path = ChatStorageTests/SmokeTests.swift; sourceTree = "<group>"; };
		F0CD0A8983D170B5FEC08F2B /* Info.plist */ = {isa = PBXFileReference; includeInIndex = 1; lastKnownFileType = text.plist.xml; name = Info.plist; path = ChatStorage/Resources/Info.plist; sourceTree = "<group>"; };
		F3E567B8A9238CD2060C30AE /* Frame.swift */ = {isa = PBXFileReference; includeInIndex = 1; lastKnownFileType = sourcecode.swift; name = Frame.swift; path = ChatStorage/Core/Protocol/Frame.swift; sourceTree = "<group>"; };
/* End PBXFileReference section */

/* Begin PBXFrameworksBuildPhase section */
		5F0FF3637CDFE536EA067B33 /* Frameworks */ = {
			isa = PBXFrameworksBuildPhase;
			buildActionMask = 2147483647;
			files = (
				E2986D2E4FB34490A3CE272F /* Foundation.framework in Frameworks */,
			);
			runOnlyForDeploymentPostprocessing = 0;
		};
		B107DB9AE7305E7F456686FF /* Frameworks */ = {
			isa = PBXFrameworksBuildPhase;
			buildActionMask = 2147483647;
			files = (
				9D81AE7736D2113DCFE4344F /* Foundation.framework in Frameworks */,
			);
			runOnlyForDeploymentPostprocessing = 0;
		};
		BB25CB492C2CE4A364B60AD3 /* Frameworks */ = {
			isa = PBXFrameworksBuildPhase;
			buildActionMask = 2147483647;
			files = (
				6D489A97850197699C2B633B /* Foundation.framework in Frameworks */,
			);
			runOnlyForDeploymentPostprocessing = 0;
		};
/* End PBXFrameworksBuildPhase section */

/* Begin PBXGroup section */
		3DF0D97A4EF91A7CE59E5E1A = {
			isa = PBXGroup;
			children = (
				E675B811992602C4C94DC01A /* Products */,
				AFB174695344DD8B15C4EFEA /* Frameworks */,
				F0CD0A8983D170B5FEC08F2B /* Info.plist */,
				AFE044489013E6649A6247FC /* ChatStorageApp.swift */,
				F3E567B8A9238CD2060C30AE /* Frame.swift */,
				3105CAB5DA2E15CC968E4B24 /* FrameCodec.swift */,
				DF97D067BC573D536E92AF50 /* FrameStreamDecoder.swift */,
				D3D3761B397C2F23510AFA3D /* FrameType.swift */,
				6097FC7F7740F8A84177755F /* ProtocolJSON.swift */,
				B7B1828C3DBF3266CDBBD23C /* FrameCodecTests.swift */,
				5DA446231C053D63F3260F74 /* FrameStreamDecoderTests.swift */,
				E2F21548172680427315059D /* SmokeTests.swift */,
				05926740DACBEE44087FA8FB /* AppLaunchUITests.swift */,
			);
			sourceTree = "<group>";
		};
		A536B5F0DDD99DD77FC2D1B3 /* iOS */ = {
			isa = PBXGroup;
			children = (
				0B3E490B5B18779E7734B147 /* Foundation.framework */,
			);
			name = iOS;
			sourceTree = "<group>";
		};
		AFB174695344DD8B15C4EFEA /* Frameworks */ = {
			isa = PBXGroup;
			children = (
				A536B5F0DDD99DD77FC2D1B3 /* iOS */,
			);
			name = Frameworks;
			sourceTree = "<group>";
		};
		E675B811992602C4C94DC01A /* Products */ = {
			isa = PBXGroup;
			children = (
				A0B7405E8AE24341B6FB9DE3 /* ChatStorage.app */,
				920F7A101FA09BDA56903AAB /* ChatStorageTests.xctest */,
				35C10F8BC35E734ADD60DA02 /* ChatStorageUITests.xctest */,
			);
			name = Products;
			sourceTree = "<group>";
		};
/* End PBXGroup section */

/* Begin PBXNativeTarget section */
		0755590B6493F1DDB7A88774 /* ChatStorageUITests */ = {
			isa = PBXNativeTarget;
			buildConfigurationList = D2F1C378F7BBB63BE700EBF8 /* Build configuration list for PBXNativeTarget "ChatStorageUITests" */;
			buildPhases = (
				0C972FDF28810A50B8F0EA49 /* Sources */,
				BB25CB492C2CE4A364B60AD3 /* Frameworks */,
				4B5439E37B12A649857B42C4 /* Resources */,
			);
			buildRules = (
			);
			dependencies = (
				C7CC9BC395528CBA49253BE8 /* PBXTargetDependency */,
			);
			name = ChatStorageUITests;
			productName = ChatStorageUITests;
			productReference = 35C10F8BC35E734ADD60DA02 /* ChatStorageUITests.xctest */;
			productType = "com.apple.product-type.bundle.ui-testing";
		};
		1CEE95E53F51E6B60E8D0688 /* ChatStorageTests */ = {
			isa = PBXNativeTarget;
			buildConfigurationList = D84AB4DF965D7197BCCFC6BD /* Build configuration list for PBXNativeTarget "ChatStorageTests" */;
			buildPhases = (
				F327419623F64E533463CB3F /* Sources */,
				B107DB9AE7305E7F456686FF /* Frameworks */,
				899DA14E417F11573B38B835 /* Resources */,
			);
			buildRules = (
			);
			dependencies = (
				C8AFCF27F094C20437D23322 /* PBXTargetDependency */,
			);
			name = ChatStorageTests;
			productName = ChatStorageTests;
			productReference = 920F7A101FA09BDA56903AAB /* ChatStorageTests.xctest */;
			productType = "com.apple.product-type.bundle.unit-test";
		};
		3BBB574C03C908991EBEE946 /* ChatStorage */ = {
			isa = PBXNativeTarget;
			buildConfigurationList = EF2742033A63802B2430D097 /* Build configuration list for PBXNativeTarget "ChatStorage" */;
			buildPhases = (
				B23CA75030948A566F03D493 /* Sources */,
				5F0FF3637CDFE536EA067B33 /* Frameworks */,
				EF39E218050D52FD58C75B33 /* Resources */,
			);
			buildRules = (
			);
			dependencies = (
			);
			name = ChatStorage;
			productName = ChatStorage;
			productReference = A0B7405E8AE24341B6FB9DE3 /* ChatStorage.app */;
			productType = "com.apple.product-type.application";
		};
/* End PBXNativeTarget section */

/* Begin PBXProject section */
		AEBE377208944F9DD90D78ED /* Project object */ = {
			isa = PBXProject;
			attributes = {
				LastSwiftUpdateCheck = 1600;
				LastUpgradeCheck = 2630;
			};
			buildConfigurationList = 643E8FEF4A67C3B8EC14E525 /* Build configuration list for PBXProject "ChatStorage" */;
			compatibilityVersion = "Xcode 3.2";
			developmentRegion = en;
			hasScannedForEncodings = 0;
			knownRegions = (
				en,
				Base,
			);
			mainGroup = 3DF0D97A4EF91A7CE59E5E1A;
			minimizedProjectReferenceProxies = 0;
			preferredProjectObjectVersion = 77;
			productRefGroup = E675B811992602C4C94DC01A /* Products */;
			projectDirPath = "";
			projectRoot = "";
			targets = (
				3BBB574C03C908991EBEE946 /* ChatStorage */,
				1CEE95E53F51E6B60E8D0688 /* ChatStorageTests */,
				0755590B6493F1DDB7A88774 /* ChatStorageUITests */,
			);
		};
/* End PBXProject section */

/* Begin PBXResourcesBuildPhase section */
		4B5439E37B12A649857B42C4 /* Resources */ = {
			isa = PBXResourcesBuildPhase;
			buildActionMask = 2147483647;
			files = (
			);
			runOnlyForDeploymentPostprocessing = 0;
		};
		899DA14E417F11573B38B835 /* Resources */ = {
			isa = PBXResourcesBuildPhase;
			buildActionMask = 2147483647;
			files = (
			);
			runOnlyForDeploymentPostprocessing = 0;
		};
		EF39E218050D52FD58C75B33 /* Resources */ = {
			isa = PBXResourcesBuildPhase;
			buildActionMask = 2147483647;
			files = (
			);
			runOnlyForDeploymentPostprocessing = 0;
		};
/* End PBXResourcesBuildPhase section */

/* Begin PBXSourcesBuildPhase section */
		0C972FDF28810A50B8F0EA49 /* Sources */ = {
			isa = PBXSourcesBuildPhase;
			buildActionMask = 2147483647;
			files = (
				A6C501C5BA1D619DD35C4439 /* AppLaunchUITests.swift in Sources */,
			);
			runOnlyForDeploymentPostprocessing = 0;
		};
		B23CA75030948A566F03D493 /* Sources */ = {
			isa = PBXSourcesBuildPhase;
			buildActionMask = 2147483647;
			files = (
				BC8E0C8A68098C93AF83E1BD /* ChatStorageApp.swift in Sources */,
				C1188A2644CEE12FE573EE85 /* Frame.swift in Sources */,
				4EF2D81EE54D53CA8412B0BC /* FrameCodec.swift in Sources */,
				A9993659D8A2216231B0B4E7 /* FrameStreamDecoder.swift in Sources */,
				A2BAA2CD16AF7115670DC86C /* FrameType.swift in Sources */,
				C401092934D4901DC1DF3E04 /* ProtocolJSON.swift in Sources */,
			);
			runOnlyForDeploymentPostprocessing = 0;
		};
		F327419623F64E533463CB3F /* Sources */ = {
			isa = PBXSourcesBuildPhase;
			buildActionMask = 2147483647;
			files = (
				A4CA50A0140874F72AA287D3 /* FrameCodecTests.swift in Sources */,
				55FCED3DBBBD565A086D8421 /* FrameStreamDecoderTests.swift in Sources */,
				EDEDEDF30CCFEB29F3BED861 /* SmokeTests.swift in Sources */,
			);
			runOnlyForDeploymentPostprocessing = 0;
		};
/* End PBXSourcesBuildPhase section */

/* Begin PBXTargetDependency section */
		C7CC9BC395528CBA49253BE8 /* PBXTargetDependency */ = {
			isa = PBXTargetDependency;
			name = ChatStorage;
			target = 3BBB574C03C908991EBEE946 /* ChatStorage */;
			targetProxy = AD6CE3D151B36DF43D2385C6 /* PBXContainerItemProxy */;
		};
		C8AFCF27F094C20437D23322 /* PBXTargetDependency */ = {
			isa = PBXTargetDependency;
			name = ChatStorage;
			target = 3BBB574C03C908991EBEE946 /* ChatStorage */;
			targetProxy = 677ACB49A641F2C766F57F57 /* PBXContainerItemProxy */;
		};
/* End PBXTargetDependency section */

/* Begin XCBuildConfiguration section */
		1D2475C5968A2EBBB6302C80 /* Release */ = {
			isa = XCBuildConfiguration;
			buildSettings = {
				CLANG_ENABLE_MODULES = YES;
				CLANG_ENABLE_OBJC_WEAK = NO;
				CODE_SIGN_STYLE = Automatic;
				GENERATE_INFOPLIST_FILE = YES;
				IPHONEOS_DEPLOYMENT_TARGET = 26.0;
				PRODUCT_BUNDLE_IDENTIFIER = com.alibaba.chatstorage.ios.uitests;
				SDKROOT = iphoneos;
				SWIFT_EMIT_LOC_STRINGS = YES;
				SWIFT_VERSION = 6.0;
				TARGETED_DEVICE_FAMILY = 1;
				TEST_TARGET_NAME = ChatStorage;
				VALIDATE_PRODUCT = YES;
			};
			name = Release;
		};
		62A4B970C38AF5D643A0DB84 /* Debug */ = {
			isa = XCBuildConfiguration;
			buildSettings = {
				ALWAYS_SEARCH_USER_PATHS = NO;
				CLANG_ANALYZER_NONNULL = YES;
				CLANG_ANALYZER_NUMBER_OBJECT_CONVERSION = YES_AGGRESSIVE;
				CLANG_CXX_LANGUAGE_STANDARD = "gnu++14";
				CLANG_CXX_LIBRARY = "libc++";
				CLANG_ENABLE_MODULES = YES;
				CLANG_ENABLE_OBJC_ARC = YES;
				CLANG_ENABLE_OBJC_WEAK = YES;
				CLANG_WARN_BLOCK_CAPTURE_AUTORELEASING = YES;
				CLANG_WARN_BOOL_CONVERSION = YES;
				CLANG_WARN_COMMA = YES;
				CLANG_WARN_CONSTANT_CONVERSION = YES;
				CLANG_WARN_DEPRECATED_OBJC_IMPLEMENTATIONS = YES;
				CLANG_WARN_DIRECT_OBJC_ISA_USAGE = YES_ERROR;
				CLANG_WARN_DOCUMENTATION_COMMENTS = YES;
				CLANG_WARN_EMPTY_BODY = YES;
				CLANG_WARN_ENUM_CONVERSION = YES;
				CLANG_WARN_INFINITE_RECURSION = YES;
				CLANG_WARN_INT_CONVERSION = YES;
				CLANG_WARN_NON_LITERAL_NULL_CONVERSION = YES;
				CLANG_WARN_OBJC_IMPLICIT_RETAIN_SELF = YES;
				CLANG_WARN_OBJC_LITERAL_CONVERSION = YES;
				CLANG_WARN_OBJC_ROOT_CLASS = YES_ERROR;
				CLANG_WARN_QUOTED_INCLUDE_IN_FRAMEWORK_HEADER = YES;
				CLANG_WARN_RANGE_LOOP_ANALYSIS = YES;
				CLANG_WARN_STRICT_PROTOTYPES = YES;
				CLANG_WARN_SUSPICIOUS_MOVE = YES;
				CLANG_WARN_UNGUARDED_AVAILABILITY = YES_AGGRESSIVE;
				CLANG_WARN_UNREACHABLE_CODE = YES;
				CLANG_WARN__DUPLICATE_METHOD_MATCH = YES;
				COPY_PHASE_STRIP = NO;
				DEBUG_INFORMATION_FORMAT = dwarf;
				ENABLE_STRICT_OBJC_MSGSEND = YES;
				ENABLE_TESTABILITY = YES;
				GCC_C_LANGUAGE_STANDARD = gnu11;
				GCC_DYNAMIC_NO_PIC = NO;
				GCC_NO_COMMON_BLOCKS = YES;
				GCC_OPTIMIZATION_LEVEL = 0;
				GCC_PREPROCESSOR_DEFINITIONS = (
					"DEBUG=1",
					"$(inherited)",
				);
				GCC_WARN_64_TO_32_BIT_CONVERSION = YES;
				GCC_WARN_ABOUT_RETURN_TYPE = YES_ERROR;
				GCC_WARN_UNDECLARED_SELECTOR = YES;
				GCC_WARN_UNINITIALIZED_AUTOS = YES_AGGRESSIVE;
				GCC_WARN_UNUSED_FUNCTION = YES;
				GCC_WARN_UNUSED_VARIABLE = YES;
				MTL_ENABLE_DEBUG_INFO = INCLUDE_SOURCE;
				MTL_FAST_MATH = YES;
				ONLY_ACTIVE_ARCH = YES;
				PRODUCT_NAME = "$(TARGET_NAME)";
				SWIFT_ACTIVE_COMPILATION_CONDITIONS = DEBUG;
				SWIFT_OPTIMIZATION_LEVEL = "-Onone";
				SWIFT_VERSION = 5.0;
			};
			name = Debug;
		};
		681BD96859723A46F3C82282 /* Release */ = {
			isa = XCBuildConfiguration;
			buildSettings = {
				ASSETCATALOG_COMPILER_APPICON_NAME = AppIcon;
				ASSETCATALOG_COMPILER_GLOBAL_ACCENT_COLOR_NAME = AccentColor;
				CLANG_ENABLE_MODULES = YES;
				CLANG_ENABLE_OBJC_WEAK = NO;
				CODE_SIGN_STYLE = Automatic;
				GENERATE_INFOPLIST_FILE = NO;
				INFOPLIST_FILE = ChatStorage/Resources/Info.plist;
				IPHONEOS_DEPLOYMENT_TARGET = 26.0;
				LD_RUNPATH_SEARCH_PATHS = "$(inherited) @executable_path/Frameworks";
				PRODUCT_BUNDLE_IDENTIFIER = com.alibaba.chatstorage.ios;
				PRODUCT_NAME = ChatStorage;
				SDKROOT = iphoneos;
				SWIFT_EMIT_LOC_STRINGS = YES;
				SWIFT_VERSION = 6.0;
				TARGETED_DEVICE_FAMILY = 1;
				VALIDATE_PRODUCT = YES;
			};
			name = Release;
		};
		9E24BFEEBD2C57BC136D0CED /* Release */ = {
			isa = XCBuildConfiguration;
			buildSettings = {
				ALWAYS_SEARCH_USER_PATHS = NO;
				CLANG_ANALYZER_NONNULL = YES;
				CLANG_ANALYZER_NUMBER_OBJECT_CONVERSION = YES_AGGRESSIVE;
				CLANG_CXX_LANGUAGE_STANDARD = "gnu++14";
				CLANG_CXX_LIBRARY = "libc++";
				CLANG_ENABLE_MODULES = YES;
				CLANG_ENABLE_OBJC_ARC = YES;
				CLANG_ENABLE_OBJC_WEAK = YES;
				CLANG_WARN_BLOCK_CAPTURE_AUTORELEASING = YES;
				CLANG_WARN_BOOL_CONVERSION = YES;
				CLANG_WARN_COMMA = YES;
				CLANG_WARN_CONSTANT_CONVERSION = YES;
				CLANG_WARN_DEPRECATED_OBJC_IMPLEMENTATIONS = YES;
				CLANG_WARN_DIRECT_OBJC_ISA_USAGE = YES_ERROR;
				CLANG_WARN_DOCUMENTATION_COMMENTS = YES;
				CLANG_WARN_EMPTY_BODY = YES;
				CLANG_WARN_ENUM_CONVERSION = YES;
				CLANG_WARN_INFINITE_RECURSION = YES;
				CLANG_WARN_INT_CONVERSION = YES;
				CLANG_WARN_NON_LITERAL_NULL_CONVERSION = YES;
				CLANG_WARN_OBJC_IMPLICIT_RETAIN_SELF = YES;
				CLANG_WARN_OBJC_LITERAL_CONVERSION = YES;
				CLANG_WARN_OBJC_ROOT_CLASS = YES_ERROR;
				CLANG_WARN_QUOTED_INCLUDE_IN_FRAMEWORK_HEADER = YES;
				CLANG_WARN_RANGE_LOOP_ANALYSIS = YES;
				CLANG_WARN_STRICT_PROTOTYPES = YES;
				CLANG_WARN_SUSPICIOUS_MOVE = YES;
				CLANG_WARN_UNGUARDED_AVAILABILITY = YES_AGGRESSIVE;
				CLANG_WARN_UNREACHABLE_CODE = YES;
				CLANG_WARN__DUPLICATE_METHOD_MATCH = YES;
				COPY_PHASE_STRIP = NO;
				DEBUG_INFORMATION_FORMAT = "dwarf-with-dsym";
				ENABLE_NS_ASSERTIONS = NO;
				ENABLE_STRICT_OBJC_MSGSEND = YES;
				GCC_C_LANGUAGE_STANDARD = gnu11;
				GCC_NO_COMMON_BLOCKS = YES;
				GCC_WARN_64_TO_32_BIT_CONVERSION = YES;
				GCC_WARN_ABOUT_RETURN_TYPE = YES_ERROR;
				GCC_WARN_UNDECLARED_SELECTOR = YES;
				GCC_WARN_UNINITIALIZED_AUTOS = YES_AGGRESSIVE;
				GCC_WARN_UNUSED_FUNCTION = YES;
				GCC_WARN_UNUSED_VARIABLE = YES;
				MTL_ENABLE_DEBUG_INFO = NO;
				MTL_FAST_MATH = YES;
				PRODUCT_NAME = "$(TARGET_NAME)";
				SWIFT_COMPILATION_MODE = wholemodule;
				SWIFT_OPTIMIZATION_LEVEL = "-O";
				SWIFT_VERSION = 5.0;
			};
			name = Release;
		};
		AEC1BF30E310AB095F550C5A /* Debug */ = {
			isa = XCBuildConfiguration;
			buildSettings = {
				ASSETCATALOG_COMPILER_APPICON_NAME = AppIcon;
				ASSETCATALOG_COMPILER_GLOBAL_ACCENT_COLOR_NAME = AccentColor;
				CLANG_ENABLE_MODULES = YES;
				CLANG_ENABLE_OBJC_WEAK = NO;
				CODE_SIGN_STYLE = Automatic;
				GENERATE_INFOPLIST_FILE = NO;
				INFOPLIST_FILE = ChatStorage/Resources/Info.plist;
				IPHONEOS_DEPLOYMENT_TARGET = 26.0;
				LD_RUNPATH_SEARCH_PATHS = "$(inherited) @executable_path/Frameworks";
				PRODUCT_BUNDLE_IDENTIFIER = com.alibaba.chatstorage.ios;
				PRODUCT_NAME = ChatStorage;
				SDKROOT = iphoneos;
				SWIFT_EMIT_LOC_STRINGS = YES;
				SWIFT_VERSION = 6.0;
				TARGETED_DEVICE_FAMILY = 1;
			};
			name = Debug;
		};
		B744F5AC3A0F5E1A41E3FA75 /* Debug */ = {
			isa = XCBuildConfiguration;
			buildSettings = {
				BUNDLE_LOADER = "$(TEST_HOST)";
				CLANG_ENABLE_MODULES = YES;
				CLANG_ENABLE_OBJC_WEAK = NO;
				CODE_SIGN_STYLE = Automatic;
				GENERATE_INFOPLIST_FILE = YES;
				IPHONEOS_DEPLOYMENT_TARGET = 26.0;
				PRODUCT_BUNDLE_IDENTIFIER = com.alibaba.chatstorage.ios.tests;
				SDKROOT = iphoneos;
				SWIFT_EMIT_LOC_STRINGS = YES;
				SWIFT_VERSION = 6.0;
				TARGETED_DEVICE_FAMILY = 1;
				TEST_HOST = "$(BUILT_PRODUCTS_DIR)/ChatStorage.app/ChatStorage";
			};
			name = Debug;
		};
		F277538DB73A9C3C9F00B80B /* Debug */ = {
			isa = XCBuildConfiguration;
			buildSettings = {
				CLANG_ENABLE_MODULES = YES;
				CLANG_ENABLE_OBJC_WEAK = NO;
				CODE_SIGN_STYLE = Automatic;
				GENERATE_INFOPLIST_FILE = YES;
				IPHONEOS_DEPLOYMENT_TARGET = 26.0;
				PRODUCT_BUNDLE_IDENTIFIER = com.alibaba.chatstorage.ios.uitests;
				SDKROOT = iphoneos;
				SWIFT_EMIT_LOC_STRINGS = YES;
				SWIFT_VERSION = 6.0;
				TARGETED_DEVICE_FAMILY = 1;
				TEST_TARGET_NAME = ChatStorage;
			};
			name = Debug;
		};
		F6142E6A0EB0C86C3575C2A2 /* Release */ = {
			isa = XCBuildConfiguration;
			buildSettings = {
				BUNDLE_LOADER = "$(TEST_HOST)";
				CLANG_ENABLE_MODULES = YES;
				CLANG_ENABLE_OBJC_WEAK = NO;
				CODE_SIGN_STYLE = Automatic;
				GENERATE_INFOPLIST_FILE = YES;
				IPHONEOS_DEPLOYMENT_TARGET = 26.0;
				PRODUCT_BUNDLE_IDENTIFIER = com.alibaba.chatstorage.ios.tests;
				SDKROOT = iphoneos;
				SWIFT_EMIT_LOC_STRINGS = YES;
				SWIFT_VERSION = 6.0;
				TARGETED_DEVICE_FAMILY = 1;
				TEST_HOST = "$(BUILT_PRODUCTS_DIR)/ChatStorage.app/ChatStorage";
				VALIDATE_PRODUCT = YES;
			};
			name = Release;
		};
/* End XCBuildConfiguration section */

/* Begin XCConfigurationList section */
		643E8FEF4A67C3B8EC14E525 /* Build configuration list for PBXProject "ChatStorage" */ = {
			isa = XCConfigurationList;
			buildConfigurations = (
				62A4B970C38AF5D643A0DB84 /* Debug */,
				9E24BFEEBD2C57BC136D0CED /* Release */,
			);
			defaultConfigurationIsVisible = 0;
			defaultConfigurationName = Release;
		};
		D2F1C378F7BBB63BE700EBF8 /* Build configuration list for PBXNativeTarget "ChatStorageUITests" */ = {
			isa = XCConfigurationList;
			buildConfigurations = (
				1D2475C5968A2EBBB6302C80 /* Release */,
				F277538DB73A9C3C9F00B80B /* Debug */,
			);
			defaultConfigurationIsVisible = 0;
			defaultConfigurationName = Release;
		};
		D84AB4DF965D7197BCCFC6BD /* Build configuration list for PBXNativeTarget "ChatStorageTests" */ = {
			isa = XCConfigurationList;
			buildConfigurations = (
				F6142E6A0EB0C86C3575C2A2 /* Release */,
				B744F5AC3A0F5E1A41E3FA75 /* Debug */,
			);
			defaultConfigurationIsVisible = 0;
			defaultConfigurationName = Release;
		};
		EF2742033A63802B2430D097 /* Build configuration list for PBXNativeTarget "ChatStorage" */ = {
			isa = XCConfigurationList;
			buildConfigurations = (
				681BD96859723A46F3C82282 /* Release */,
				AEC1BF30E310AB095F550C5A /* Debug */,
			);
			defaultConfigurationIsVisible = 0;
			defaultConfigurationName = Release;
		};
/* End XCConfigurationList section */
	};
	rootObject = AEBE377208944F9DD90D78ED /* Project object */;
}
