// !$*UTF8*$!
{
	archiveVersion = 1;
	classes = {
	};
	objectVersion = 46;
	objects = {

/* Begin PBXBuildFile section */
		022637725815A4F7B6C26360 /* ServerConfigurationTests.swift in Sources */ = {isa = PBXBuildFile; fileRef = 1FB2E3B07B3DC725923EC0FA /* ServerConfigurationTests.swift */; };
		07B30D5B93C3464DE3EC8412 /* FrameType.swift in Sources */ = {isa = PBXBuildFile; fileRef = E7B5C656D2ABE137062A8D49 /* FrameType.swift */; };
		0AC485D581EB46D4D4BA9DC8 /* SecureStore.swift in Sources */ = {isa = PBXBuildFile; fileRef = 0949F192F8A25500E826A7F2 /* SecureStore.swift */; };
		0AFFC35689E919250AE9231E /* AppLaunchUITests.swift in Sources */ = {isa = PBXBuildFile; fileRef = 2423506989D55E4342C129FA /* AppLaunchUITests.swift */; };
		15A2BE6AB87229FE690DD5BB /* KeychainSecureStore.swift in Sources */ = {isa = PBXBuildFile; fileRef = 7BEA2733DDD4E8D4871194AA /* KeychainSecureStore.swift */; };
		280EE2A13D3C5423EDCD2E45 /* RequestResponseClientTests.swift in Sources */ = {isa = PBXBuildFile; fileRef = 53C9BE41BF450396F2AF0DC2 /* RequestResponseClientTests.swift */; };
		310B9CD4DC7ECB9F863A5F7F /* ControlConnection.swift in Sources */ = {isa = PBXBuildFile; fileRef = 8AE458327C80EBEEDEBEFA15 /* ControlConnection.swift */; };
		4212DACDC763D09E17103BF7 /* ServerConfiguration.swift in Sources */ = {isa = PBXBuildFile; fileRef = 21EDD92C2B173BDBFF51F644 /* ServerConfiguration.swift */; };
		499DE978E49943FDD315F9EC /* NWControlConnection.swift in Sources */ = {isa = PBXBuildFile; fileRef = 6FB43067745ED1BDFA0AB5BD /* NWControlConnection.swift */; };
		5A3A9DC5B11E9B19C8B6312F /* Foundation.framework in Frameworks */ = {isa = PBXBuildFile; fileRef = 528959CA824D28517DD1FB2C /* Foundation.framework */; };
		7CC25F5D9A95FBC28A8E977A /* ProtocolJSON.swift in Sources */ = {isa = PBXBuildFile; fileRef = 99053E1825C93E189E74A44E /* ProtocolJSON.swift */; };
		8767DF7F68368815B3016B78 /* FrameStreamDecoderTests.swift in Sources */ = {isa = PBXBuildFile; fileRef = BECEABED3DC61B324795E483 /* FrameStreamDecoderTests.swift */; };
		8D1948A9D73AFEB4BAA91B4F /* Foundation.framework in Frameworks */ = {isa = PBXBuildFile; fileRef = 528959CA824D28517DD1FB2C /* Foundation.framework */; };
		9FDD69505CC36B6D868148AB /* RequestResponseClient.swift in Sources */ = {isa = PBXBuildFile; fileRef = 05F6E4F6243D8F7795FA92B3 /* RequestResponseClient.swift */; };
		C0CE07994044503972F9E612 /* SmokeTests.swift in Sources */ = {isa = PBXBuildFile; fileRef = 2CA8C45B6E4C8853AD67D232 /* SmokeTests.swift */; };
		D0554E4CAE07869848CE35BF /* FrameCodec.swift in Sources */ = {isa = PBXBuildFile; fileRef = 742E81F55D33906758707137 /* FrameCodec.swift */; };
		D8AE87DD10FAA80CCB24CEE7 /* ChatStorageApp.swift in Sources */ = {isa = PBXBuildFile; fileRef = 46393555C5AB576A24996253 /* ChatStorageApp.swift */; };
		E7632F6D9917270673084A52 /* Frame.swift in Sources */ = {isa = PBXBuildFile; fileRef = 294DCBB5B01464E8B57EB02E /* Frame.swift */; };
		ED4490E54B31FCFD2EE758CB /* KeychainSecureStoreTests.swift in Sources */ = {isa = PBXBuildFile; fileRef = 5BDFEC7EA69E130324216F5E /* KeychainSecureStoreTests.swift */; };
		EFF9BE8036AFCFA5D94A8BBC /* FrameStreamDecoder.swift in Sources */ = {isa = PBXBuildFile; fileRef = 5617C788D3D8ABA9C9280FA9 /* FrameStreamDecoder.swift */; };
		F08ADB7501C9A4BF2427BAC7 /* FrameCodecTests.swift in Sources */ = {isa = PBXBuildFile; fileRef = B44CC6EA666CEE22141652C4 /* FrameCodecTests.swift */; };
		F54F1E13AFFC466528117ABC /* Foundation.framework in Frameworks */ = {isa = PBXBuildFile; fileRef = 528959CA824D28517DD1FB2C /* Foundation.framework */; };
/* End PBXBuildFile section */

/* Begin PBXContainerItemProxy section */
		D2AE01D9A9B4461800577DE8 /* PBXContainerItemProxy */ = {
			isa = PBXContainerItemProxy;
			containerPortal = 65FE57494DCDBE96B57E65D8 /* Project object */;
			proxyType = 1;
			remoteGlobalIDString = 93F995FDD1B4A9E9AC55989B;
			remoteInfo = ChatStorage;
		};
		D5EE28C8AB1943A55BD0F791 /* PBXContainerItemProxy */ = {
			isa = PBXContainerItemProxy;
			containerPortal = 65FE57494DCDBE96B57E65D8 /* Project object */;
			proxyType = 1;
			remoteGlobalIDString = 93F995FDD1B4A9E9AC55989B;
			remoteInfo = ChatStorage;
		};
/* End PBXContainerItemProxy section */

/* Begin PBXFileReference section */
		05F6E4F6243D8F7795FA92B3 /* RequestResponseClient.swift */ = {isa = PBXFileReference; includeInIndex = 1; lastKnownFileType = sourcecode.swift; name = RequestResponseClient.swift; path = ChatStorage/Core/Networking/RequestResponseClient.swift; sourceTree = "<group>"; };
		0949F192F8A25500E826A7F2 /* SecureStore.swift */ = {isa = PBXFileReference; includeInIndex = 1; lastKnownFileType = sourcecode.swift; name = SecureStore.swift; path = ChatStorage/Core/Security/SecureStore.swift; sourceTree = "<group>"; };
		1FB2E3B07B3DC725923EC0FA /* ServerConfigurationTests.swift */ = {isa = PBXFileReference; includeInIndex = 1; lastKnownFileType = sourcecode.swift; name = ServerConfigurationTests.swift; path = ChatStorageTests/Networking/ServerConfigurationTests.swift; sourceTree = "<group>"; };
		21EDD92C2B173BDBFF51F644 /* ServerConfiguration.swift */ = {isa = PBXFileReference; includeInIndex = 1; lastKnownFileType = sourcecode.swift; name = ServerConfiguration.swift; path = ChatStorage/Core/Networking/ServerConfiguration.swift; sourceTree = "<group>"; };
		23E2B50B2E140F39362A77CC /* ChatStorageUITests.xctest */ = {isa = PBXFileReference; explicitFileType = wrapper.cfbundle; includeInIndex = 0; path = ChatStorageUITests.xctest; sourceTree = BUILT_PRODUCTS_DIR; };
		2423506989D55E4342C129FA /* AppLaunchUITests.swift */ = {isa = PBXFileReference; includeInIndex = 1; lastKnownFileType = sourcecode.swift; name = AppLaunchUITests.swift; path = ChatStorageUITests/AppLaunchUITests.swift; sourceTree = "<group>"; };
		294DCBB5B01464E8B57EB02E /* Frame.swift */ = {isa = PBXFileReference; includeInIndex = 1; lastKnownFileType = sourcecode.swift; name = Frame.swift; path = ChatStorage/Core/Protocol/Frame.swift; sourceTree = "<group>"; };
		2CA8C45B6E4C8853AD67D232 /* SmokeTests.swift */ = {isa = PBXFileReference; includeInIndex = 1; lastKnownFileType = sourcecode.swift; name = SmokeTests.swift; path = ChatStorageTests/SmokeTests.swift; sourceTree = "<group>"; };
		46393555C5AB576A24996253 /* ChatStorageApp.swift */ = {isa = PBXFileReference; includeInIndex = 1; lastKnownFileType = sourcecode.swift; name = ChatStorageApp.swift; path = ChatStorage/App/ChatStorageApp.swift; sourceTree = "<group>"; };
		528959CA824D28517DD1FB2C /* Foundation.framework */ = {isa = PBXFileReference; lastKnownFileType = wrapper.framework; name = Foundation.framework; path = Platforms/iPhoneOS.platform/Developer/SDKs/iPhoneOS18.0.sdk/System/Library/Frameworks/Foundation.framework; sourceTree = DEVELOPER_DIR; };
		53C9BE41BF450396F2AF0DC2 /* RequestResponseClientTests.swift */ = {isa = PBXFileReference; includeInIndex = 1; lastKnownFileType = sourcecode.swift; name = RequestResponseClientTests.swift; path = ChatStorageTests/Networking/RequestResponseClientTests.swift; sourceTree = "<group>"; };
		5617C788D3D8ABA9C9280FA9 /* FrameStreamDecoder.swift */ = {isa = PBXFileReference; includeInIndex = 1; lastKnownFileType = sourcecode.swift; name = FrameStreamDecoder.swift; path = ChatStorage/Core/Protocol/FrameStreamDecoder.swift; sourceTree = "<group>"; };
		5BDFEC7EA69E130324216F5E /* KeychainSecureStoreTests.swift */ = {isa = PBXFileReference; includeInIndex = 1; lastKnownFileType = sourcecode.swift; name = KeychainSecureStoreTests.swift; path = ChatStorageTests/Security/KeychainSecureStoreTests.swift; sourceTree = "<group>"; };
		6FB43067745ED1BDFA0AB5BD /* NWControlConnection.swift */ = {isa = PBXFileReference; includeInIndex = 1; lastKnownFileType = sourcecode.swift; name = NWControlConnection.swift; path = ChatStorage/Core/Networking/NWControlConnection.swift; sourceTree = "<group>"; };
		73C5658F84EEC8730391502F /* ChatStorageTests.xctest */ = {isa = PBXFileReference; explicitFileType = wrapper.cfbundle; includeInIndex = 0; path = ChatStorageTests.xctest; sourceTree = BUILT_PRODUCTS_DIR; };
		742E81F55D33906758707137 /* FrameCodec.swift */ = {isa = PBXFileReference; includeInIndex = 1; lastKnownFileType = sourcecode.swift; name = FrameCodec.swift; path = ChatStorage/Core/Protocol/FrameCodec.swift; sourceTree = "<group>"; };
		7BEA2733DDD4E8D4871194AA /* KeychainSecureStore.swift */ = {isa = PBXFileReference; includeInIndex = 1; lastKnownFileType = sourcecode.swift; name = KeychainSecureStore.swift; path = ChatStorage/Core/Security/KeychainSecureStore.swift; sourceTree = "<group>"; };
		8AE458327C80EBEEDEBEFA15 /* ControlConnection.swift */ = {isa = PBXFileReference; includeInIndex = 1; lastKnownFileType = sourcecode.swift; name = ControlConnection.swift; path = ChatStorage/Core/Networking/ControlConnection.swift; sourceTree = "<group>"; };
		9605B275B4A48FFF78B5A33C /* ChatStorage.app */ = {isa = PBXFileReference; explicitFileType = wrapper.application; includeInIndex = 0; path = ChatStorage.app; sourceTree = BUILT_PRODUCTS_DIR; };
		99053E1825C93E189E74A44E /* ProtocolJSON.swift */ = {isa = PBXFileReference; includeInIndex = 1; lastKnownFileType = sourcecode.swift; name = ProtocolJSON.swift; path = ChatStorage/Core/Protocol/ProtocolJSON.swift; sourceTree = "<group>"; };
		B44CC6EA666CEE22141652C4 /* FrameCodecTests.swift */ = {isa = PBXFileReference; includeInIndex = 1; lastKnownFileType = sourcecode.swift; name = FrameCodecTests.swift; path = ChatStorageTests/Protocol/FrameCodecTests.swift; sourceTree = "<group>"; };
		BECEABED3DC61B324795E483 /* FrameStreamDecoderTests.swift */ = {isa = PBXFileReference; includeInIndex = 1; lastKnownFileType = sourcecode.swift; name = FrameStreamDecoderTests.swift; path = ChatStorageTests/Protocol/FrameStreamDecoderTests.swift; sourceTree = "<group>"; };
		DFB8902C8E7861F76BB72A61 /* Info.plist */ = {isa = PBXFileReference; includeInIndex = 1; lastKnownFileType = text.plist.xml; name = Info.plist; path = ChatStorage/Resources/Info.plist; sourceTree = "<group>"; };
		E7B5C656D2ABE137062A8D49 /* FrameType.swift */ = {isa = PBXFileReference; includeInIndex = 1; lastKnownFileType = sourcecode.swift; name = FrameType.swift; path = ChatStorage/Core/Protocol/FrameType.swift; sourceTree = "<group>"; };
/* End PBXFileReference section */

/* Begin PBXFrameworksBuildPhase section */
		0834587A9638E5E4D5A4AA8C /* Frameworks */ = {
			isa = PBXFrameworksBuildPhase;
			buildActionMask = 2147483647;
			files = (
				8D1948A9D73AFEB4BAA91B4F /* Foundation.framework in Frameworks */,
			);
			runOnlyForDeploymentPostprocessing = 0;
		};
		238C43A1FF05CC640B4680D7 /* Frameworks */ = {
			isa = PBXFrameworksBuildPhase;
			buildActionMask = 2147483647;
			files = (
				5A3A9DC5B11E9B19C8B6312F /* Foundation.framework in Frameworks */,
			);
			runOnlyForDeploymentPostprocessing = 0;
		};
		9681E23ED5406ED25C34ECB0 /* Frameworks */ = {
			isa = PBXFrameworksBuildPhase;
			buildActionMask = 2147483647;
			files = (
				F54F1E13AFFC466528117ABC /* Foundation.framework in Frameworks */,
			);
			runOnlyForDeploymentPostprocessing = 0;
		};
/* End PBXFrameworksBuildPhase section */

/* Begin PBXGroup section */
		06DBCCE01B72955D21E146F4 /* Products */ = {
			isa = PBXGroup;
			children = (
				9605B275B4A48FFF78B5A33C /* ChatStorage.app */,
				73C5658F84EEC8730391502F /* ChatStorageTests.xctest */,
				23E2B50B2E140F39362A77CC /* ChatStorageUITests.xctest */,
			);
			name = Products;
			sourceTree = "<group>";
		};
		2CA6D00F00C9C97FB6F00B62 /* Frameworks */ = {
			isa = PBXGroup;
			children = (
				79465FEBB6CA07F18DFA4876 /* iOS */,
			);
			name = Frameworks;
			sourceTree = "<group>";
		};
		79465FEBB6CA07F18DFA4876 /* iOS */ = {
			isa = PBXGroup;
			children = (
				528959CA824D28517DD1FB2C /* Foundation.framework */,
			);
			name = iOS;
			sourceTree = "<group>";
		};
		E67ECD494CC8C725FD376BED = {
			isa = PBXGroup;
			children = (
				06DBCCE01B72955D21E146F4 /* Products */,
				2CA6D00F00C9C97FB6F00B62 /* Frameworks */,
				DFB8902C8E7861F76BB72A61 /* Info.plist */,
				46393555C5AB576A24996253 /* ChatStorageApp.swift */,
				8AE458327C80EBEEDEBEFA15 /* ControlConnection.swift */,
				6FB43067745ED1BDFA0AB5BD /* NWControlConnection.swift */,
				05F6E4F6243D8F7795FA92B3 /* RequestResponseClient.swift */,
				21EDD92C2B173BDBFF51F644 /* ServerConfiguration.swift */,
				294DCBB5B01464E8B57EB02E /* Frame.swift */,
				742E81F55D33906758707137 /* FrameCodec.swift */,
				5617C788D3D8ABA9C9280FA9 /* FrameStreamDecoder.swift */,
				E7B5C656D2ABE137062A8D49 /* FrameType.swift */,
				99053E1825C93E189E74A44E /* ProtocolJSON.swift */,
				7BEA2733DDD4E8D4871194AA /* KeychainSecureStore.swift */,
				0949F192F8A25500E826A7F2 /* SecureStore.swift */,
				53C9BE41BF450396F2AF0DC2 /* RequestResponseClientTests.swift */,
				1FB2E3B07B3DC725923EC0FA /* ServerConfigurationTests.swift */,
				B44CC6EA666CEE22141652C4 /* FrameCodecTests.swift */,
				BECEABED3DC61B324795E483 /* FrameStreamDecoderTests.swift */,
				5BDFEC7EA69E130324216F5E /* KeychainSecureStoreTests.swift */,
				2CA8C45B6E4C8853AD67D232 /* SmokeTests.swift */,
				2423506989D55E4342C129FA /* AppLaunchUITests.swift */,
			);
			sourceTree = "<group>";
		};
/* End PBXGroup section */

/* Begin PBXNativeTarget section */
		2EA039740EC1444974CDB443 /* ChatStorageTests */ = {
			isa = PBXNativeTarget;
			buildConfigurationList = 8D669304AF107EB9F41F18B6 /* Build configuration list for PBXNativeTarget "ChatStorageTests" */;
			buildPhases = (
				CABF489320BC02E2F5DCE2B6 /* Sources */,
				0834587A9638E5E4D5A4AA8C /* Frameworks */,
				9112FD2609FAC46359F3C5E1 /* Resources */,
			);
			buildRules = (
			);
			dependencies = (
				1C73D3C3D3DAF9AEC6637ACC /* PBXTargetDependency */,
			);
			name = ChatStorageTests;
			productName = ChatStorageTests;
			productReference = 73C5658F84EEC8730391502F /* ChatStorageTests.xctest */;
			productType = "com.apple.product-type.bundle.unit-test";
		};
		31A3684ED6BE3EDA3024A3B3 /* ChatStorageUITests */ = {
			isa = PBXNativeTarget;
			buildConfigurationList = C5EFAA836D5A89BEF038C6AB /* Build configuration list for PBXNativeTarget "ChatStorageUITests" */;
			buildPhases = (
				8C5F2B602DE9E9E440D935D5 /* Sources */,
				238C43A1FF05CC640B4680D7 /* Frameworks */,
				457000B67BF2F97DAAF400BC /* Resources */,
			);
			buildRules = (
			);
			dependencies = (
				4372539D12465207E8E892FF /* PBXTargetDependency */,
			);
			name = ChatStorageUITests;
			productName = ChatStorageUITests;
			productReference = 23E2B50B2E140F39362A77CC /* ChatStorageUITests.xctest */;
			productType = "com.apple.product-type.bundle.ui-testing";
		};
		93F995FDD1B4A9E9AC55989B /* ChatStorage */ = {
			isa = PBXNativeTarget;
			buildConfigurationList = 2D24E4B42BF1822DB7887D6A /* Build configuration list for PBXNativeTarget "ChatStorage" */;
			buildPhases = (
				1770D45396232EF15EDB4FF5 /* Sources */,
				9681E23ED5406ED25C34ECB0 /* Frameworks */,
				7374F100298217B020D9D6D8 /* Resources */,
			);
			buildRules = (
			);
			dependencies = (
			);
			name = ChatStorage;
			productName = ChatStorage;
			productReference = 9605B275B4A48FFF78B5A33C /* ChatStorage.app */;
			productType = "com.apple.product-type.application";
		};
/* End PBXNativeTarget section */

/* Begin PBXProject section */
		65FE57494DCDBE96B57E65D8 /* Project object */ = {
			isa = PBXProject;
			attributes = {
				LastSwiftUpdateCheck = 1600;
				LastUpgradeCheck = 2630;
			};
			buildConfigurationList = 7E438D691E2B0E8683C10D08 /* Build configuration list for PBXProject "ChatStorage" */;
			compatibilityVersion = "Xcode 3.2";
			developmentRegion = en;
			hasScannedForEncodings = 0;
			knownRegions = (
				en,
				Base,
			);
			mainGroup = E67ECD494CC8C725FD376BED;
			minimizedProjectReferenceProxies = 0;
			preferredProjectObjectVersion = 77;
			productRefGroup = 06DBCCE01B72955D21E146F4 /* Products */;
			projectDirPath = "";
			projectRoot = "";
			targets = (
				93F995FDD1B4A9E9AC55989B /* ChatStorage */,
				2EA039740EC1444974CDB443 /* ChatStorageTests */,
				31A3684ED6BE3EDA3024A3B3 /* ChatStorageUITests */,
			);
		};
/* End PBXProject section */

/* Begin PBXResourcesBuildPhase section */
		457000B67BF2F97DAAF400BC /* Resources */ = {
			isa = PBXResourcesBuildPhase;
			buildActionMask = 2147483647;
			files = (
			);
			runOnlyForDeploymentPostprocessing = 0;
		};
		7374F100298217B020D9D6D8 /* Resources */ = {
			isa = PBXResourcesBuildPhase;
			buildActionMask = 2147483647;
			files = (
			);
			runOnlyForDeploymentPostprocessing = 0;
		};
		9112FD2609FAC46359F3C5E1 /* Resources */ = {
			isa = PBXResourcesBuildPhase;
			buildActionMask = 2147483647;
			files = (
			);
			runOnlyForDeploymentPostprocessing = 0;
		};
/* End PBXResourcesBuildPhase section */

/* Begin PBXSourcesBuildPhase section */
		1770D45396232EF15EDB4FF5 /* Sources */ = {
			isa = PBXSourcesBuildPhase;
			buildActionMask = 2147483647;
			files = (
				D8AE87DD10FAA80CCB24CEE7 /* ChatStorageApp.swift in Sources */,
				310B9CD4DC7ECB9F863A5F7F /* ControlConnection.swift in Sources */,
				499DE978E49943FDD315F9EC /* NWControlConnection.swift in Sources */,
				9FDD69505CC36B6D868148AB /* RequestResponseClient.swift in Sources */,
				4212DACDC763D09E17103BF7 /* ServerConfiguration.swift in Sources */,
				E7632F6D9917270673084A52 /* Frame.swift in Sources */,
				D0554E4CAE07869848CE35BF /* FrameCodec.swift in Sources */,
				EFF9BE8036AFCFA5D94A8BBC /* FrameStreamDecoder.swift in Sources */,
				07B30D5B93C3464DE3EC8412 /* FrameType.swift in Sources */,
				7CC25F5D9A95FBC28A8E977A /* ProtocolJSON.swift in Sources */,
				15A2BE6AB87229FE690DD5BB /* KeychainSecureStore.swift in Sources */,
				0AC485D581EB46D4D4BA9DC8 /* SecureStore.swift in Sources */,
			);
			runOnlyForDeploymentPostprocessing = 0;
		};
		8C5F2B602DE9E9E440D935D5 /* Sources */ = {
			isa = PBXSourcesBuildPhase;
			buildActionMask = 2147483647;
			files = (
				0AFFC35689E919250AE9231E /* AppLaunchUITests.swift in Sources */,
			);
			runOnlyForDeploymentPostprocessing = 0;
		};
		CABF489320BC02E2F5DCE2B6 /* Sources */ = {
			isa = PBXSourcesBuildPhase;
			buildActionMask = 2147483647;
			files = (
				280EE2A13D3C5423EDCD2E45 /* RequestResponseClientTests.swift in Sources */,
				022637725815A4F7B6C26360 /* ServerConfigurationTests.swift in Sources */,
				F08ADB7501C9A4BF2427BAC7 /* FrameCodecTests.swift in Sources */,
				8767DF7F68368815B3016B78 /* FrameStreamDecoderTests.swift in Sources */,
				ED4490E54B31FCFD2EE758CB /* KeychainSecureStoreTests.swift in Sources */,
				C0CE07994044503972F9E612 /* SmokeTests.swift in Sources */,
			);
			runOnlyForDeploymentPostprocessing = 0;
		};
/* End PBXSourcesBuildPhase section */

/* Begin PBXTargetDependency section */
		1C73D3C3D3DAF9AEC6637ACC /* PBXTargetDependency */ = {
			isa = PBXTargetDependency;
			name = ChatStorage;
			target = 93F995FDD1B4A9E9AC55989B /* ChatStorage */;
			targetProxy = D5EE28C8AB1943A55BD0F791 /* PBXContainerItemProxy */;
		};
		4372539D12465207E8E892FF /* PBXTargetDependency */ = {
			isa = PBXTargetDependency;
			name = ChatStorage;
			target = 93F995FDD1B4A9E9AC55989B /* ChatStorage */;
			targetProxy = D2AE01D9A9B4461800577DE8 /* PBXContainerItemProxy */;
		};
/* End PBXTargetDependency section */

/* Begin XCBuildConfiguration section */
		0C48BA5C2F193518D299612E /* Debug */ = {
			isa = XCBuildConfiguration;
			buildSettings = {
				ALWAYS_SEARCH_USER_PATHS = NO;
				CLANG_ANALYZER_NONNULL = YES;
				CLANG_ANALYZER_NUMBER_OBJECT_CONVERSION = YES_AGGRESSIVE;
				CLANG_CXX_LANGUAGE_STANDARD = "gnu++14";
				CLANG_CXX_LIBRARY = "libc++";
				CLANG_ENABLE_MODULES = YES;
				CLANG_ENABLE_OBJC_ARC = YES;
				CLANG_ENABLE_OBJC_WEAK = YES;
				CLANG_WARN_BLOCK_CAPTURE_AUTORELEASING = YES;
				CLANG_WARN_BOOL_CONVERSION = YES;
				CLANG_WARN_COMMA = YES;
				CLANG_WARN_CONSTANT_CONVERSION = YES;
				CLANG_WARN_DEPRECATED_OBJC_IMPLEMENTATIONS = YES;
				CLANG_WARN_DIRECT_OBJC_ISA_USAGE = YES_ERROR;
				CLANG_WARN_DOCUMENTATION_COMMENTS = YES;
				CLANG_WARN_EMPTY_BODY = YES;
				CLANG_WARN_ENUM_CONVERSION = YES;
				CLANG_WARN_INFINITE_RECURSION = YES;
				CLANG_WARN_INT_CONVERSION = YES;
				CLANG_WARN_NON_LITERAL_NULL_CONVERSION = YES;
				CLANG_WARN_OBJC_IMPLICIT_RETAIN_SELF = YES;
				CLANG_WARN_OBJC_LITERAL_CONVERSION = YES;
				CLANG_WARN_OBJC_ROOT_CLASS = YES_ERROR;
				CLANG_WARN_QUOTED_INCLUDE_IN_FRAMEWORK_HEADER = YES;
				CLANG_WARN_RANGE_LOOP_ANALYSIS = YES;
				CLANG_WARN_STRICT_PROTOTYPES = YES;
				CLANG_WARN_SUSPICIOUS_MOVE = YES;
				CLANG_WARN_UNGUARDED_AVAILABILITY = YES_AGGRESSIVE;
				CLANG_WARN_UNREACHABLE_CODE = YES;
				CLANG_WARN__DUPLICATE_METHOD_MATCH = YES;
				COPY_PHASE_STRIP = NO;
				DEBUG_INFORMATION_FORMAT = dwarf;
				ENABLE_STRICT_OBJC_MSGSEND = YES;
				ENABLE_TESTABILITY = YES;
				GCC_C_LANGUAGE_STANDARD = gnu11;
				GCC_DYNAMIC_NO_PIC = NO;
				GCC_NO_COMMON_BLOCKS = YES;
				GCC_OPTIMIZATION_LEVEL = 0;
				GCC_PREPROCESSOR_DEFINITIONS = (
					"DEBUG=1",
					"$(inherited)",
				);
				GCC_WARN_64_TO_32_BIT_CONVERSION = YES;
				GCC_WARN_ABOUT_RETURN_TYPE = YES_ERROR;
				GCC_WARN_UNDECLARED_SELECTOR = YES;
				GCC_WARN_UNINITIALIZED_AUTOS = YES_AGGRESSIVE;
				GCC_WARN_UNUSED_FUNCTION = YES;
				GCC_WARN_UNUSED_VARIABLE = YES;
				MTL_ENABLE_DEBUG_INFO = INCLUDE_SOURCE;
				MTL_FAST_MATH = YES;
				ONLY_ACTIVE_ARCH = YES;
				PRODUCT_NAME = "$(TARGET_NAME)";
				SWIFT_ACTIVE_COMPILATION_CONDITIONS = DEBUG;
				SWIFT_OPTIMIZATION_LEVEL = "-Onone";
				SWIFT_VERSION = 5.0;
			};
			name = Debug;
		};
		187C39A75334D5F2C9A73B6C /* Release */ = {
			isa = XCBuildConfiguration;
			buildSettings = {
				BUNDLE_LOADER = "$(TEST_HOST)";
				CLANG_ENABLE_MODULES = YES;
				CLANG_ENABLE_OBJC_WEAK = NO;
				CODE_SIGN_STYLE = Automatic;
				GENERATE_INFOPLIST_FILE = YES;
				IPHONEOS_DEPLOYMENT_TARGET = 26.0;
				PRODUCT_BUNDLE_IDENTIFIER = com.alibaba.chatstorage.ios.tests;
				SDKROOT = iphoneos;
				SWIFT_EMIT_LOC_STRINGS = YES;
				SWIFT_VERSION = 6.0;
				TARGETED_DEVICE_FAMILY = 1;
				TEST_HOST = "$(BUILT_PRODUCTS_DIR)/ChatStorage.app/ChatStorage";
				VALIDATE_PRODUCT = YES;
			};
			name = Release;
		};
		4111D661330F7DCE531E2E76 /* Debug */ = {
			isa = XCBuildConfiguration;
			buildSettings = {
				CLANG_ENABLE_MODULES = YES;
				CLANG_ENABLE_OBJC_WEAK = NO;
				CODE_SIGN_STYLE = Automatic;
				GENERATE_INFOPLIST_FILE = YES;
				IPHONEOS_DEPLOYMENT_TARGET = 26.0;
				PRODUCT_BUNDLE_IDENTIFIER = com.alibaba.chatstorage.ios.uitests;
				SDKROOT = iphoneos;
				SWIFT_EMIT_LOC_STRINGS = YES;
				SWIFT_VERSION = 6.0;
				TARGETED_DEVICE_FAMILY = 1;
				TEST_TARGET_NAME = ChatStorage;
			};
			name = Debug;
		};
		51C74C3B9B27CCCAF41000C5 /* Debug */ = {
			isa = XCBuildConfiguration;
			buildSettings = {
				BUNDLE_LOADER = "$(TEST_HOST)";
				CLANG_ENABLE_MODULES = YES;
				CLANG_ENABLE_OBJC_WEAK = NO;
				CODE_SIGN_STYLE = Automatic;
				GENERATE_INFOPLIST_FILE = YES;
				IPHONEOS_DEPLOYMENT_TARGET = 26.0;
				PRODUCT_BUNDLE_IDENTIFIER = com.alibaba.chatstorage.ios.tests;
				SDKROOT = iphoneos;
				SWIFT_EMIT_LOC_STRINGS = YES;
				SWIFT_VERSION = 6.0;
				TARGETED_DEVICE_FAMILY = 1;
				TEST_HOST = "$(BUILT_PRODUCTS_DIR)/ChatStorage.app/ChatStorage";
			};
			name = Debug;
		};
		61CB2F19ACF07907819A5E32 /* Release */ = {
			isa = XCBuildConfiguration;
			buildSettings = {
				CLANG_ENABLE_MODULES = YES;
				CLANG_ENABLE_OBJC_WEAK = NO;
				CODE_SIGN_STYLE = Automatic;
				GENERATE_INFOPLIST_FILE = YES;
				IPHONEOS_DEPLOYMENT_TARGET = 26.0;
				PRODUCT_BUNDLE_IDENTIFIER = com.alibaba.chatstorage.ios.uitests;
				SDKROOT = iphoneos;
				SWIFT_EMIT_LOC_STRINGS = YES;
				SWIFT_VERSION = 6.0;
				TARGETED_DEVICE_FAMILY = 1;
				TEST_TARGET_NAME = ChatStorage;
				VALIDATE_PRODUCT = YES;
			};
			name = Release;
		};
		72AEA29B9B12B276E13BEE91 /* Release */ = {
			isa = XCBuildConfiguration;
			buildSettings = {
				ALWAYS_SEARCH_USER_PATHS = NO;
				CLANG_ANALYZER_NONNULL = YES;
				CLANG_ANALYZER_NUMBER_OBJECT_CONVERSION = YES_AGGRESSIVE;
				CLANG_CXX_LANGUAGE_STANDARD = "gnu++14";
				CLANG_CXX_LIBRARY = "libc++";
				CLANG_ENABLE_MODULES = YES;
				CLANG_ENABLE_OBJC_ARC = YES;
				CLANG_ENABLE_OBJC_WEAK = YES;
				CLANG_WARN_BLOCK_CAPTURE_AUTORELEASING = YES;
				CLANG_WARN_BOOL_CONVERSION = YES;
				CLANG_WARN_COMMA = YES;
				CLANG_WARN_CONSTANT_CONVERSION = YES;
				CLANG_WARN_DEPRECATED_OBJC_IMPLEMENTATIONS = YES;
				CLANG_WARN_DIRECT_OBJC_ISA_USAGE = YES_ERROR;
				CLANG_WARN_DOCUMENTATION_COMMENTS = YES;
				CLANG_WARN_EMPTY_BODY = YES;
				CLANG_WARN_ENUM_CONVERSION = YES;
				CLANG_WARN_INFINITE_RECURSION = YES;
				CLANG_WARN_INT_CONVERSION = YES;
				CLANG_WARN_NON_LITERAL_NULL_CONVERSION = YES;
				CLANG_WARN_OBJC_IMPLICIT_RETAIN_SELF = YES;
				CLANG_WARN_OBJC_LITERAL_CONVERSION = YES;
				CLANG_WARN_OBJC_ROOT_CLASS = YES_ERROR;
				CLANG_WARN_QUOTED_INCLUDE_IN_FRAMEWORK_HEADER = YES;
				CLANG_WARN_RANGE_LOOP_ANALYSIS = YES;
				CLANG_WARN_STRICT_PROTOTYPES = YES;
				CLANG_WARN_SUSPICIOUS_MOVE = YES;
				CLANG_WARN_UNGUARDED_AVAILABILITY = YES_AGGRESSIVE;
				CLANG_WARN_UNREACHABLE_CODE = YES;
				CLANG_WARN__DUPLICATE_METHOD_MATCH = YES;
				COPY_PHASE_STRIP = NO;
				DEBUG_INFORMATION_FORMAT = "dwarf-with-dsym";
				ENABLE_NS_ASSERTIONS = NO;
				ENABLE_STRICT_OBJC_MSGSEND = YES;
				GCC_C_LANGUAGE_STANDARD = gnu11;
				GCC_NO_COMMON_BLOCKS = YES;
				GCC_WARN_64_TO_32_BIT_CONVERSION = YES;
				GCC_WARN_ABOUT_RETURN_TYPE = YES_ERROR;
				GCC_WARN_UNDECLARED_SELECTOR = YES;
				GCC_WARN_UNINITIALIZED_AUTOS = YES_AGGRESSIVE;
				GCC_WARN_UNUSED_FUNCTION = YES;
				GCC_WARN_UNUSED_VARIABLE = YES;
				MTL_ENABLE_DEBUG_INFO = NO;
				MTL_FAST_MATH = YES;
				PRODUCT_NAME = "$(TARGET_NAME)";
				SWIFT_COMPILATION_MODE = wholemodule;
				SWIFT_OPTIMIZATION_LEVEL = "-O";
				SWIFT_VERSION = 5.0;
			};
			name = Release;
		};
		A03DF8B6BE2958B0CE12FAE5 /* Debug */ = {
			isa = XCBuildConfiguration;
			buildSettings = {
				ASSETCATALOG_COMPILER_APPICON_NAME = AppIcon;
				ASSETCATALOG_COMPILER_GLOBAL_ACCENT_COLOR_NAME = AccentColor;
				CLANG_ENABLE_MODULES = YES;
				CLANG_ENABLE_OBJC_WEAK = NO;
				CODE_SIGN_STYLE = Automatic;
				GENERATE_INFOPLIST_FILE = NO;
				INFOPLIST_FILE = ChatStorage/Resources/Info.plist;
				IPHONEOS_DEPLOYMENT_TARGET = 26.0;
				LD_RUNPATH_SEARCH_PATHS = "$(inherited) @executable_path/Frameworks";
				PRODUCT_BUNDLE_IDENTIFIER = com.alibaba.chatstorage.ios;
				PRODUCT_NAME = ChatStorage;
				SDKROOT = iphoneos;
				SWIFT_EMIT_LOC_STRINGS = YES;
				SWIFT_VERSION = 6.0;
				TARGETED_DEVICE_FAMILY = 1;
			};
			name = Debug;
		};
		B7FE471E90734013B09045DD /* Release */ = {
			isa = XCBuildConfiguration;
			buildSettings = {
				ASSETCATALOG_COMPILER_APPICON_NAME = AppIcon;
				ASSETCATALOG_COMPILER_GLOBAL_ACCENT_COLOR_NAME = AccentColor;
				CLANG_ENABLE_MODULES = YES;
				CLANG_ENABLE_OBJC_WEAK = NO;
				CODE_SIGN_STYLE = Automatic;
				GENERATE_INFOPLIST_FILE = NO;
				INFOPLIST_FILE = ChatStorage/Resources/Info.plist;
				IPHONEOS_DEPLOYMENT_TARGET = 26.0;
				LD_RUNPATH_SEARCH_PATHS = "$(inherited) @executable_path/Frameworks";
				PRODUCT_BUNDLE_IDENTIFIER = com.alibaba.chatstorage.ios;
				PRODUCT_NAME = ChatStorage;
				SDKROOT = iphoneos;
				SWIFT_EMIT_LOC_STRINGS = YES;
				SWIFT_VERSION = 6.0;
				TARGETED_DEVICE_FAMILY = 1;
				VALIDATE_PRODUCT = YES;
			};
			name = Release;
		};
/* End XCBuildConfiguration section */

/* Begin XCConfigurationList section */
		2D24E4B42BF1822DB7887D6A /* Build configuration list for PBXNativeTarget "ChatStorage" */ = {
			isa = XCConfigurationList;
			buildConfigurations = (
				B7FE471E90734013B09045DD /* Release */,
				A03DF8B6BE2958B0CE12FAE5 /* Debug */,
			);
			defaultConfigurationIsVisible = 0;
			defaultConfigurationName = Release;
		};
		7E438D691E2B0E8683C10D08 /* Build configuration list for PBXProject "ChatStorage" */ = {
			isa = XCConfigurationList;
			buildConfigurations = (
				0C48BA5C2F193518D299612E /* Debug */,
				72AEA29B9B12B276E13BEE91 /* Release */,
			);
			defaultConfigurationIsVisible = 0;
			defaultConfigurationName = Release;
		};
		8D669304AF107EB9F41F18B6 /* Build configuration list for PBXNativeTarget "ChatStorageTests" */ = {
			isa = XCConfigurationList;
			buildConfigurations = (
				187C39A75334D5F2C9A73B6C /* Release */,
				51C74C3B9B27CCCAF41000C5 /* Debug */,
			);
			defaultConfigurationIsVisible = 0;
			defaultConfigurationName = Release;
		};
		C5EFAA836D5A89BEF038C6AB /* Build configuration list for PBXNativeTarget "ChatStorageUITests" */ = {
			isa = XCConfigurationList;
			buildConfigurations = (
				61CB2F19ACF07907819A5E32 /* Release */,
				4111D661330F7DCE531E2E76 /* Debug */,
			);
			defaultConfigurationIsVisible = 0;
			defaultConfigurationName = Release;
		};
/* End XCConfigurationList section */
	};
	rootObject = 65FE57494DCDBE96B57E65D8 /* Project object */;
}
