// !$*UTF8*$!
{
	archiveVersion = 1;
	classes = {
	};
	objectVersion = 46;
	objects = {

/* Begin PBXBuildFile section */
		06CAD282664E292D5360D9EC /* ChatStorageApp.swift in Sources */ = {isa = PBXBuildFile; fileRef = 3F8753EC377235162EB342CB /* ChatStorageApp.swift */; };
		137040358C2AD44BC6592F72 /* DrivePlaceholderView.swift in Sources */ = {isa = PBXBuildFile; fileRef = F54EB4F235082829CF4CF8BF /* DrivePlaceholderView.swift */; };
		1577EA94C32B7F481F948F5B /* AuthRepository.swift in Sources */ = {isa = PBXBuildFile; fileRef = D599034E58151E6CCB5D2715 /* AuthRepository.swift */; };
		224DE6E430317C70B7C0DD49 /* FrameType.swift in Sources */ = {isa = PBXBuildFile; fileRef = 9203C4055D8BEF4DDE3540E7 /* FrameType.swift */; };
		35789BB38930F856E1E2F17C /* ServerConfiguration.swift in Sources */ = {isa = PBXBuildFile; fileRef = 6AA188DF5D43A8623F658BF3 /* ServerConfiguration.swift */; };
		3E00D216231B142F3D946852 /* AppLaunchUITests.swift in Sources */ = {isa = PBXBuildFile; fileRef = A086C4562E7B26B98ED89DE2 /* AppLaunchUITests.swift */; };
		41636670CD01F03B6A2E6299 /* RemoteAuthRepositoryTests.swift in Sources */ = {isa = PBXBuildFile; fileRef = A16315A8A136DB6FFAA8A2F2 /* RemoteAuthRepositoryTests.swift */; };
		41900B2F58B801775C44D27E /* FrameCodec.swift in Sources */ = {isa = PBXBuildFile; fileRef = 75A34D4A48D6B51FA41DCA20 /* FrameCodec.swift */; };
		4A7609FE6988D0B243E21A4A /* Foundation.framework in Frameworks */ = {isa = PBXBuildFile; fileRef = BA28FCD5E869DF1ED4942DCE /* Foundation.framework */; };
		4ADD40D13DB7B0C136850BF2 /* RequestResponseClient.swift in Sources */ = {isa = PBXBuildFile; fileRef = 13F8AB1D9016E2A3BCCA6003 /* RequestResponseClient.swift */; };
		4BF8A4222DCE509235D98517 /* AppSessionTests.swift in Sources */ = {isa = PBXBuildFile; fileRef = 9DEDF2862244D5ACCCD3043C /* AppSessionTests.swift */; };
		4C85A4D6D14532E585F5EB27 /* AppContainer.swift in Sources */ = {isa = PBXBuildFile; fileRef = 534864F6D62183BAD3EB4DF1 /* AppContainer.swift */; };
		5D4590A9D51C876109881713 /* Foundation.framework in Frameworks */ = {isa = PBXBuildFile; fileRef = BA28FCD5E869DF1ED4942DCE /* Foundation.framework */; };
		5E2411E3FA6204EA1C0D0684 /* FrameStreamDecoderTests.swift in Sources */ = {isa = PBXBuildFile; fileRef = BB2561FF4E5A0B19F0A7BB2B /* FrameStreamDecoderTests.swift */; };
		6A973CCD331A65B5969F98E6 /* AppSession.swift in Sources */ = {isa = PBXBuildFile; fileRef = A4E653FFA2F5AF674D304573 /* AppSession.swift */; };
		71B38247F88F26A242BCB355 /* ServerSettingsView.swift in Sources */ = {isa = PBXBuildFile; fileRef = 62610AFD6B2A15F22BA0134C /* ServerSettingsView.swift */; };
		76174C67CDEBEA3E2930D5D1 /* Foundation.framework in Frameworks */ = {isa = PBXBuildFile; fileRef = BA28FCD5E869DF1ED4942DCE /* Foundation.framework */; };
		79D5430EAABB18F3424A63F9 /* ProtocolJSON.swift in Sources */ = {isa = PBXBuildFile; fileRef = 07B88A84616255D879234255 /* ProtocolJSON.swift */; };
		886032B7DBA4A46F5682DF03 /* MainShellView.swift in Sources */ = {isa = PBXBuildFile; fileRef = 9EAC19F1BD9BC95B7D607B6D /* MainShellView.swift */; };
		8DEAF1B80E8D831D8CF69F50 /* AuthModels.swift in Sources */ = {isa = PBXBuildFile; fileRef = B800D6D4A4A5A15676E95163 /* AuthModels.swift */; };
		935F32C09D0E39A5674C9503 /* RemoteFriendRepository.swift in Sources */ = {isa = PBXBuildFile; fileRef = 81094F71B9CE208C374CCF52 /* RemoteFriendRepository.swift */; };
		98779A204A04E72D6F0F93DF /* SecureStore.swift in Sources */ = {isa = PBXBuildFile; fileRef = 68EEC1BD18FF6192992AB56D /* SecureStore.swift */; };
		9AA22EA32FEAD1F040BBB224 /* RequestResponseClientTests.swift in Sources */ = {isa = PBXBuildFile; fileRef = 818A54DF93C9026C635FBB9A /* RequestResponseClientTests.swift */; };
		9C0A01575D42732E4FED5AD3 /* FriendModels.swift in Sources */ = {isa = PBXBuildFile; fileRef = 89655C1C5F1A405ECA25C9DD /* FriendModels.swift */; };
		A4AE29B36965B9453F02B05D /* FrameStreamDecoder.swift in Sources */ = {isa = PBXBuildFile; fileRef = DA7E8EB99F8A8D1CD18AA939 /* FrameStreamDecoder.swift */; };
		A6097F02F756D4F9B3A7B872 /* ControlConnection.swift in Sources */ = {isa = PBXBuildFile; fileRef = 12C67989E0722C2CE6BA210D /* ControlConnection.swift */; };
		A79C96D550D37D97D6448907 /* PatternBackground.swift in Sources */ = {isa = PBXBuildFile; fileRef = 148D0CF3B8E08FE88412D17D /* PatternBackground.swift */; };
		AB3C657F3B2D14D23E7ABD15 /* LoginViewModel.swift in Sources */ = {isa = PBXBuildFile; fileRef = 90F042FC765E8996847D7E37 /* LoginViewModel.swift */; };
		B0F98C98B83A9852B89112EF /* RemoteAuthRepository.swift in Sources */ = {isa = PBXBuildFile; fileRef = 8ECC710A71554CEA25CB700B /* RemoteAuthRepository.swift */; };
		B1729A8209DAD6B603BF8D24 /* LoginViewModelTests.swift in Sources */ = {isa = PBXBuildFile; fileRef = 5D4887C3B535EC232EEE3D85 /* LoginViewModelTests.swift */; };
		BD5900427897DA0D5055464F /* KeychainSecureStore.swift in Sources */ = {isa = PBXBuildFile; fileRef = 043DBC34E1DA30E1C4436E85 /* KeychainSecureStore.swift */; };
		BE3C56B099F26881473B4EEF /* SmokeTests.swift in Sources */ = {isa = PBXBuildFile; fileRef = 16DBE5D726256611A56E3754 /* SmokeTests.swift */; };
		C3159D26E7D28D95B9D82628 /* FrameCodecTests.swift in Sources */ = {isa = PBXBuildFile; fileRef = 682C3E9AD9B4FA1716DA9BBC /* FrameCodecTests.swift */; };
		D829965BCA35151362275B9C /* ProfilePlaceholderView.swift in Sources */ = {isa = PBXBuildFile; fileRef = D9EC4B7321475BDC90F4ED2D /* ProfilePlaceholderView.swift */; };
		DC68BCD6885660C1DC751CDF /* NWControlConnection.swift in Sources */ = {isa = PBXBuildFile; fileRef = 541F584A27EFE87BBA91884C /* NWControlConnection.swift */; };
		DD5C820100B3EC02C5BA18EF /* KeychainSecureStoreTests.swift in Sources */ = {isa = PBXBuildFile; fileRef = 89B32A0B6FF2251E843FCD3E /* KeychainSecureStoreTests.swift */; };
		E3573226C54E11E3831E9D18 /* ServerConfigurationTests.swift in Sources */ = {isa = PBXBuildFile; fileRef = B1D5FBEB569D7E6BB5E4DD8C /* ServerConfigurationTests.swift */; };
		F3A0884D78170E410C49FE47 /* MessagesPlaceholderView.swift in Sources */ = {isa = PBXBuildFile; fileRef = 0663692555F8AE1EDA05E178 /* MessagesPlaceholderView.swift */; };
		F69CA41FC6B7C5F74E9AC86B /* RemoteFriendRepositoryTests.swift in Sources */ = {isa = PBXBuildFile; fileRef = 4499FFA5FE9E83256B6839A1 /* RemoteFriendRepositoryTests.swift */; };
		F77D9AEB1C5EC003F88400A3 /* AppTheme.swift in Sources */ = {isa = PBXBuildFile; fileRef = 46EC8E55F09B03434820DFD8 /* AppTheme.swift */; };
		F7C0882ED761A50CF6512888 /* FriendRepository.swift in Sources */ = {isa = PBXBuildFile; fileRef = 26C533D2330DA82BCF65E280 /* FriendRepository.swift */; };
		FBD8E25A1889405EC95373AB /* Frame.swift in Sources */ = {isa = PBXBuildFile; fileRef = 8C8D7C690D66961ADF5860BD /* Frame.swift */; };
		FFF4C5633EB1037602936EF4 /* LoginView.swift in Sources */ = {isa = PBXBuildFile; fileRef = E013D8298AEF6261464F1667 /* LoginView.swift */; };
/* End PBXBuildFile section */

/* Begin PBXContainerItemProxy section */
		2487F9BCD63F3B0364B8690E /* PBXContainerItemProxy */ = {
			isa = PBXContainerItemProxy;
			containerPortal = 1F67B8B5500287443E932E18 /* Project object */;
			proxyType = 1;
			remoteGlobalIDString = 914161FF19345A2BE6FB83F9;
			remoteInfo = ChatStorage;
		};
		FDC767EDEB54E898193C2F49 /* PBXContainerItemProxy */ = {
			isa = PBXContainerItemProxy;
			containerPortal = 1F67B8B5500287443E932E18 /* Project object */;
			proxyType = 1;
			remoteGlobalIDString = 914161FF19345A2BE6FB83F9;
			remoteInfo = ChatStorage;
		};
/* End PBXContainerItemProxy section */

/* Begin PBXFileReference section */
		043DBC34E1DA30E1C4436E85 /* KeychainSecureStore.swift */ = {isa = PBXFileReference; includeInIndex = 1; lastKnownFileType = sourcecode.swift; name = KeychainSecureStore.swift; path = ChatStorage/Core/Security/KeychainSecureStore.swift; sourceTree = "<group>"; };
		0663692555F8AE1EDA05E178 /* MessagesPlaceholderView.swift */ = {isa = PBXFileReference; includeInIndex = 1; lastKnownFileType = sourcecode.swift; name = MessagesPlaceholderView.swift; path = ChatStorage/Features/Messages/MessagesPlaceholderView.swift; sourceTree = "<group>"; };
		07B88A84616255D879234255 /* ProtocolJSON.swift */ = {isa = PBXFileReference; includeInIndex = 1; lastKnownFileType = sourcecode.swift; name = ProtocolJSON.swift; path = ChatStorage/Core/Protocol/ProtocolJSON.swift; sourceTree = "<group>"; };
		12C67989E0722C2CE6BA210D /* ControlConnection.swift */ = {isa = PBXFileReference; includeInIndex = 1; lastKnownFileType = sourcecode.swift; name = ControlConnection.swift; path = ChatStorage/Core/Networking/ControlConnection.swift; sourceTree = "<group>"; };
		13F8AB1D9016E2A3BCCA6003 /* RequestResponseClient.swift */ = {isa = PBXFileReference; includeInIndex = 1; lastKnownFileType = sourcecode.swift; name = RequestResponseClient.swift; path = ChatStorage/Core/Networking/RequestResponseClient.swift; sourceTree = "<group>"; };
		148D0CF3B8E08FE88412D17D /* PatternBackground.swift */ = {isa = PBXFileReference; includeInIndex = 1; lastKnownFileType = sourcecode.swift; name = PatternBackground.swift; path = ChatStorage/DesignSystem/PatternBackground.swift; sourceTree = "<group>"; };
		16DBE5D726256611A56E3754 /* SmokeTests.swift */ = {isa = PBXFileReference; includeInIndex = 1; lastKnownFileType = sourcecode.swift; name = SmokeTests.swift; path = ChatStorageTests/SmokeTests.swift; sourceTree = "<group>"; };
		26C533D2330DA82BCF65E280 /* FriendRepository.swift */ = {isa = PBXFileReference; includeInIndex = 1; lastKnownFileType = sourcecode.swift; name = FriendRepository.swift; path = ChatStorage/Features/Friends/FriendRepository.swift; sourceTree = "<group>"; };
		3F8753EC377235162EB342CB /* ChatStorageApp.swift */ = {isa = PBXFileReference; includeInIndex = 1; lastKnownFileType = sourcecode.swift; name = ChatStorageApp.swift; path = ChatStorage/App/ChatStorageApp.swift; sourceTree = "<group>"; };
		4499FFA5FE9E83256B6839A1 /* RemoteFriendRepositoryTests.swift */ = {isa = PBXFileReference; includeInIndex = 1; lastKnownFileType = sourcecode.swift; name = RemoteFriendRepositoryTests.swift; path = ChatStorageTests/Friends/RemoteFriendRepositoryTests.swift; sourceTree = "<group>"; };
		46EC8E55F09B03434820DFD8 /* AppTheme.swift */ = {isa = PBXFileReference; includeInIndex = 1; lastKnownFileType = sourcecode.swift; name = AppTheme.swift; path = ChatStorage/DesignSystem/AppTheme.swift; sourceTree = "<group>"; };
		534864F6D62183BAD3EB4DF1 /* AppContainer.swift */ = {isa = PBXFileReference; includeInIndex = 1; lastKnownFileType = sourcecode.swift; name = AppContainer.swift; path = ChatStorage/App/AppContainer.swift; sourceTree = "<group>"; };
		541F584A27EFE87BBA91884C /* NWControlConnection.swift */ = {isa = PBXFileReference; includeInIndex = 1; lastKnownFileType = sourcecode.swift; name = NWControlConnection.swift; path = ChatStorage/Core/Networking/NWControlConnection.swift; sourceTree = "<group>"; };
		5D4887C3B535EC232EEE3D85 /* LoginViewModelTests.swift */ = {isa = PBXFileReference; includeInIndex = 1; lastKnownFileType = sourcecode.swift; name = LoginViewModelTests.swift; path = ChatStorageTests/Authentication/LoginViewModelTests.swift; sourceTree = "<group>"; };
		62610AFD6B2A15F22BA0134C /* ServerSettingsView.swift */ = {isa = PBXFileReference; includeInIndex = 1; lastKnownFileType = sourcecode.swift; name = ServerSettingsView.swift; path = ChatStorage/Features/Settings/ServerSettingsView.swift; sourceTree = "<group>"; };
		65A8F4BEC5CC8E1CBD9334EC /* ChatStorageTests.xctest */ = {isa = PBXFileReference; explicitFileType = wrapper.cfbundle; includeInIndex = 0; path = ChatStorageTests.xctest; sourceTree = BUILT_PRODUCTS_DIR; };
		682C3E9AD9B4FA1716DA9BBC /* FrameCodecTests.swift */ = {isa = PBXFileReference; includeInIndex = 1; lastKnownFileType = sourcecode.swift; name = FrameCodecTests.swift; path = ChatStorageTests/Protocol/FrameCodecTests.swift; sourceTree = "<group>"; };
		68EEC1BD18FF6192992AB56D /* SecureStore.swift */ = {isa = PBXFileReference; includeInIndex = 1; lastKnownFileType = sourcecode.swift; name = SecureStore.swift; path = ChatStorage/Core/Security/SecureStore.swift; sourceTree = "<group>"; };
		6AA188DF5D43A8623F658BF3 /* ServerConfiguration.swift */ = {isa = PBXFileReference; includeInIndex = 1; lastKnownFileType = sourcecode.swift; name = ServerConfiguration.swift; path = ChatStorage/Core/Networking/ServerConfiguration.swift; sourceTree = "<group>"; };
		75A34D4A48D6B51FA41DCA20 /* FrameCodec.swift */ = {isa = PBXFileReference; includeInIndex = 1; lastKnownFileType = sourcecode.swift; name = FrameCodec.swift; path = ChatStorage/Core/Protocol/FrameCodec.swift; sourceTree = "<group>"; };
		81094F71B9CE208C374CCF52 /* RemoteFriendRepository.swift */ = {isa = PBXFileReference; includeInIndex = 1; lastKnownFileType = sourcecode.swift; name = RemoteFriendRepository.swift; path = ChatStorage/Features/Friends/RemoteFriendRepository.swift; sourceTree = "<group>"; };
		818A54DF93C9026C635FBB9A /* RequestResponseClientTests.swift */ = {isa = PBXFileReference; includeInIndex = 1; lastKnownFileType = sourcecode.swift; name = RequestResponseClientTests.swift; path = ChatStorageTests/Networking/RequestResponseClientTests.swift; sourceTree = "<group>"; };
		89655C1C5F1A405ECA25C9DD /* FriendModels.swift */ = {isa = PBXFileReference; includeInIndex = 1; lastKnownFileType = sourcecode.swift; name = FriendModels.swift; path = ChatStorage/Features/Friends/FriendModels.swift; sourceTree = "<group>"; };
		89B32A0B6FF2251E843FCD3E /* KeychainSecureStoreTests.swift */ = {isa = PBXFileReference; includeInIndex = 1; lastKnownFileType = sourcecode.swift; name = KeychainSecureStoreTests.swift; path = ChatStorageTests/Security/KeychainSecureStoreTests.swift; sourceTree = "<group>"; };
		8C8D7C690D66961ADF5860BD /* Frame.swift */ = {isa = PBXFileReference; includeInIndex = 1; lastKnownFileType = sourcecode.swift; name = Frame.swift; path = ChatStorage/Core/Protocol/Frame.swift; sourceTree = "<group>"; };
		8ECC710A71554CEA25CB700B /* RemoteAuthRepository.swift */ = {isa = PBXFileReference; includeInIndex = 1; lastKnownFileType = sourcecode.swift; name = RemoteAuthRepository.swift; path = ChatStorage/Features/Authentication/RemoteAuthRepository.swift; sourceTree = "<group>"; };
		90F042FC765E8996847D7E37 /* LoginViewModel.swift */ = {isa = PBXFileReference; includeInIndex = 1; lastKnownFileType = sourcecode.swift; name = LoginViewModel.swift; path = ChatStorage/Features/Authentication/LoginViewModel.swift; sourceTree = "<group>"; };
		9203C4055D8BEF4DDE3540E7 /* FrameType.swift */ = {isa = PBXFileReference; includeInIndex = 1; lastKnownFileType = sourcecode.swift; name = FrameType.swift; path = ChatStorage/Core/Protocol/FrameType.swift; sourceTree = "<group>"; };
		9DEDF2862244D5ACCCD3043C /* AppSessionTests.swift */ = {isa = PBXFileReference; includeInIndex = 1; lastKnownFileType = sourcecode.swift; name = AppSessionTests.swift; path = ChatStorageTests/Authentication/AppSessionTests.swift; sourceTree = "<group>"; };
		9EAC19F1BD9BC95B7D607B6D /* MainShellView.swift */ = {isa = PBXFileReference; includeInIndex = 1; lastKnownFileType = sourcecode.swift; name = MainShellView.swift; path = ChatStorage/Features/Shell/MainShellView.swift; sourceTree = "<group>"; };
		A086C4562E7B26B98ED89DE2 /* AppLaunchUITests.swift */ = {isa = PBXFileReference; includeInIndex = 1; lastKnownFileType = sourcecode.swift; name = AppLaunchUITests.swift; path = ChatStorageUITests/AppLaunchUITests.swift; sourceTree = "<group>"; };
		A16315A8A136DB6FFAA8A2F2 /* RemoteAuthRepositoryTests.swift */ = {isa = PBXFileReference; includeInIndex = 1; lastKnownFileType = sourcecode.swift; name = RemoteAuthRepositoryTests.swift; path = ChatStorageTests/Authentication/RemoteAuthRepositoryTests.swift; sourceTree = "<group>"; };
		A4E653FFA2F5AF674D304573 /* AppSession.swift */ = {isa = PBXFileReference; includeInIndex = 1; lastKnownFileType = sourcecode.swift; name = AppSession.swift; path = ChatStorage/App/AppSession.swift; sourceTree = "<group>"; };
		B1D5FBEB569D7E6BB5E4DD8C /* ServerConfigurationTests.swift */ = {isa = PBXFileReference; includeInIndex = 1; lastKnownFileType = sourcecode.swift; name = ServerConfigurationTests.swift; path = ChatStorageTests/Networking/ServerConfigurationTests.swift; sourceTree = "<group>"; };
		B252F52D4A6B78B424E908D4 /* Info.plist */ = {isa = PBXFileReference; includeInIndex = 1; lastKnownFileType = text.plist.xml; name = Info.plist; path = ChatStorage/Resources/Info.plist; sourceTree = "<group>"; };
		B800D6D4A4A5A15676E95163 /* AuthModels.swift */ = {isa = PBXFileReference; includeInIndex = 1; lastKnownFileType = sourcecode.swift; name = AuthModels.swift; path = ChatStorage/Features/Authentication/AuthModels.swift; sourceTree = "<group>"; };
		BA28FCD5E869DF1ED4942DCE /* Foundation.framework */ = {isa = PBXFileReference; lastKnownFileType = wrapper.framework; name = Foundation.framework; path = Platforms/iPhoneOS.platform/Developer/SDKs/iPhoneOS18.0.sdk/System/Library/Frameworks/Foundation.framework; sourceTree = DEVELOPER_DIR; };
		BB2561FF4E5A0B19F0A7BB2B /* FrameStreamDecoderTests.swift */ = {isa = PBXFileReference; includeInIndex = 1; lastKnownFileType = sourcecode.swift; name = FrameStreamDecoderTests.swift; path = ChatStorageTests/Protocol/FrameStreamDecoderTests.swift; sourceTree = "<group>"; };
		D599034E58151E6CCB5D2715 /* AuthRepository.swift */ = {isa = PBXFileReference; includeInIndex = 1; lastKnownFileType = sourcecode.swift; name = AuthRepository.swift; path = ChatStorage/Features/Authentication/AuthRepository.swift; sourceTree = "<group>"; };
		D9EC4B7321475BDC90F4ED2D /* ProfilePlaceholderView.swift */ = {isa = PBXFileReference; includeInIndex = 1; lastKnownFileType = sourcecode.swift; name = ProfilePlaceholderView.swift; path = ChatStorage/Features/Profile/ProfilePlaceholderView.swift; sourceTree = "<group>"; };
		DA7E8EB99F8A8D1CD18AA939 /* FrameStreamDecoder.swift */ = {isa = PBXFileReference; includeInIndex = 1; lastKnownFileType = sourcecode.swift; name = FrameStreamDecoder.swift; path = ChatStorage/Core/Protocol/FrameStreamDecoder.swift; sourceTree = "<group>"; };
		E013D8298AEF6261464F1667 /* LoginView.swift */ = {isa = PBXFileReference; includeInIndex = 1; lastKnownFileType = sourcecode.swift; name = LoginView.swift; path = ChatStorage/Features/Authentication/LoginView.swift; sourceTree = "<group>"; };
		E10B3AB0387674A640199429 /* ChatStorage.app */ = {isa = PBXFileReference; explicitFileType = wrapper.application; includeInIndex = 0; path = ChatStorage.app; sourceTree = BUILT_PRODUCTS_DIR; };
		F053304E66EF217263B87BBF /* ChatStorageUITests.xctest */ = {isa = PBXFileReference; explicitFileType = wrapper.cfbundle; includeInIndex = 0; path = ChatStorageUITests.xctest; sourceTree = BUILT_PRODUCTS_DIR; };
		F54EB4F235082829CF4CF8BF /* DrivePlaceholderView.swift */ = {isa = PBXFileReference; includeInIndex = 1; lastKnownFileType = sourcecode.swift; name = DrivePlaceholderView.swift; path = ChatStorage/Features/Drive/DrivePlaceholderView.swift; sourceTree = "<group>"; };
/* End PBXFileReference section */

/* Begin PBXFrameworksBuildPhase section */
		7705E4C9E6DFE6F78709435D /* Frameworks */ = {
			isa = PBXFrameworksBuildPhase;
			buildActionMask = 2147483647;
			files = (
				5D4590A9D51C876109881713 /* Foundation.framework in Frameworks */,
			);
			runOnlyForDeploymentPostprocessing = 0;
		};
		7B4C756342FFF0E2E00F7D36 /* Frameworks */ = {
			isa = PBXFrameworksBuildPhase;
			buildActionMask = 2147483647;
			files = (
				76174C67CDEBEA3E2930D5D1 /* Foundation.framework in Frameworks */,
			);
			runOnlyForDeploymentPostprocessing = 0;
		};
		CA619940097D164C75EB2002 /* Frameworks */ = {
			isa = PBXFrameworksBuildPhase;
			buildActionMask = 2147483647;
			files = (
				4A7609FE6988D0B243E21A4A /* Foundation.framework in Frameworks */,
			);
			runOnlyForDeploymentPostprocessing = 0;
		};
/* End PBXFrameworksBuildPhase section */

/* Begin PBXGroup section */
		83FA1C2370181E362A2DCC78 = {
			isa = PBXGroup;
			children = (
				EA10BD5C789779A9755D3D50 /* Products */,
				DB979E05630860C9D5C2615F /* Frameworks */,
				B252F52D4A6B78B424E908D4 /* Info.plist */,
				534864F6D62183BAD3EB4DF1 /* AppContainer.swift */,
				A4E653FFA2F5AF674D304573 /* AppSession.swift */,
				3F8753EC377235162EB342CB /* ChatStorageApp.swift */,
				12C67989E0722C2CE6BA210D /* ControlConnection.swift */,
				541F584A27EFE87BBA91884C /* NWControlConnection.swift */,
				13F8AB1D9016E2A3BCCA6003 /* RequestResponseClient.swift */,
				6AA188DF5D43A8623F658BF3 /* ServerConfiguration.swift */,
				8C8D7C690D66961ADF5860BD /* Frame.swift */,
				75A34D4A48D6B51FA41DCA20 /* FrameCodec.swift */,
				DA7E8EB99F8A8D1CD18AA939 /* FrameStreamDecoder.swift */,
				9203C4055D8BEF4DDE3540E7 /* FrameType.swift */,
				07B88A84616255D879234255 /* ProtocolJSON.swift */,
				043DBC34E1DA30E1C4436E85 /* KeychainSecureStore.swift */,
				68EEC1BD18FF6192992AB56D /* SecureStore.swift */,
				46EC8E55F09B03434820DFD8 /* AppTheme.swift */,
				148D0CF3B8E08FE88412D17D /* PatternBackground.swift */,
				B800D6D4A4A5A15676E95163 /* AuthModels.swift */,
				D599034E58151E6CCB5D2715 /* AuthRepository.swift */,
				E013D8298AEF6261464F1667 /* LoginView.swift */,
				90F042FC765E8996847D7E37 /* LoginViewModel.swift */,
				8ECC710A71554CEA25CB700B /* RemoteAuthRepository.swift */,
				F54EB4F235082829CF4CF8BF /* DrivePlaceholderView.swift */,
				89655C1C5F1A405ECA25C9DD /* FriendModels.swift */,
				26C533D2330DA82BCF65E280 /* FriendRepository.swift */,
				81094F71B9CE208C374CCF52 /* RemoteFriendRepository.swift */,
				0663692555F8AE1EDA05E178 /* MessagesPlaceholderView.swift */,
				D9EC4B7321475BDC90F4ED2D /* ProfilePlaceholderView.swift */,
				62610AFD6B2A15F22BA0134C /* ServerSettingsView.swift */,
				9EAC19F1BD9BC95B7D607B6D /* MainShellView.swift */,
				9DEDF2862244D5ACCCD3043C /* AppSessionTests.swift */,
				5D4887C3B535EC232EEE3D85 /* LoginViewModelTests.swift */,
				A16315A8A136DB6FFAA8A2F2 /* RemoteAuthRepositoryTests.swift */,
				4499FFA5FE9E83256B6839A1 /* RemoteFriendRepositoryTests.swift */,
				818A54DF93C9026C635FBB9A /* RequestResponseClientTests.swift */,
				B1D5FBEB569D7E6BB5E4DD8C /* ServerConfigurationTests.swift */,
				682C3E9AD9B4FA1716DA9BBC /* FrameCodecTests.swift */,
				BB2561FF4E5A0B19F0A7BB2B /* FrameStreamDecoderTests.swift */,
				89B32A0B6FF2251E843FCD3E /* KeychainSecureStoreTests.swift */,
				16DBE5D726256611A56E3754 /* SmokeTests.swift */,
				A086C4562E7B26B98ED89DE2 /* AppLaunchUITests.swift */,
			);
			sourceTree = "<group>";
		};
		A7B242D4D52E300D8202E1EB /* iOS */ = {
			isa = PBXGroup;
			children = (
				BA28FCD5E869DF1ED4942DCE /* Foundation.framework */,
			);
			name = iOS;
			sourceTree = "<group>";
		};
		DB979E05630860C9D5C2615F /* Frameworks */ = {
			isa = PBXGroup;
			children = (
				A7B242D4D52E300D8202E1EB /* iOS */,
			);
			name = Frameworks;
			sourceTree = "<group>";
		};
		EA10BD5C789779A9755D3D50 /* Products */ = {
			isa = PBXGroup;
			children = (
				E10B3AB0387674A640199429 /* ChatStorage.app */,
				65A8F4BEC5CC8E1CBD9334EC /* ChatStorageTests.xctest */,
				F053304E66EF217263B87BBF /* ChatStorageUITests.xctest */,
			);
			name = Products;
			sourceTree = "<group>";
		};
/* End PBXGroup section */

/* Begin PBXNativeTarget section */
		083F8577CD6F6C2DABB442FC /* ChatStorageUITests */ = {
			isa = PBXNativeTarget;
			buildConfigurationList = E4C9BDC4EE420580546CF441 /* Build configuration list for PBXNativeTarget "ChatStorageUITests" */;
			buildPhases = (
				546158BA4BBF78F1AE26972C /* Sources */,
				7B4C756342FFF0E2E00F7D36 /* Frameworks */,
				3F447E20068593CAF36403D4 /* Resources */,
			);
			buildRules = (
			);
			dependencies = (
				0E6598CFED714EB07270B77A /* PBXTargetDependency */,
			);
			name = ChatStorageUITests;
			productName = ChatStorageUITests;
			productReference = F053304E66EF217263B87BBF /* ChatStorageUITests.xctest */;
			productType = "com.apple.product-type.bundle.ui-testing";
		};
		78ABF50BDC1679A8D02040F9 /* ChatStorageTests */ = {
			isa = PBXNativeTarget;
			buildConfigurationList = F8867C964A186CEEE42FF741 /* Build configuration list for PBXNativeTarget "ChatStorageTests" */;
			buildPhases = (
				5A52EC7C6454AE3F65A339B7 /* Sources */,
				CA619940097D164C75EB2002 /* Frameworks */,
				0288E7F9D239093BF7AD3FD4 /* Resources */,
			);
			buildRules = (
			);
			dependencies = (
				83CD7206AA6D47339F4D0604 /* PBXTargetDependency */,
			);
			name = ChatStorageTests;
			productName = ChatStorageTests;
			productReference = 65A8F4BEC5CC8E1CBD9334EC /* ChatStorageTests.xctest */;
			productType = "com.apple.product-type.bundle.unit-test";
		};
		914161FF19345A2BE6FB83F9 /* ChatStorage */ = {
			isa = PBXNativeTarget;
			buildConfigurationList = F2F61CA40E6E00D7D45591EB /* Build configuration list for PBXNativeTarget "ChatStorage" */;
			buildPhases = (
				2B17123B9FF90AF1C831448E /* Sources */,
				7705E4C9E6DFE6F78709435D /* Frameworks */,
				5CF269AC71BAEAD70E488035 /* Resources */,
			);
			buildRules = (
			);
			dependencies = (
			);
			name = ChatStorage;
			productName = ChatStorage;
			productReference = E10B3AB0387674A640199429 /* ChatStorage.app */;
			productType = "com.apple.product-type.application";
		};
/* End PBXNativeTarget section */

/* Begin PBXProject section */
		1F67B8B5500287443E932E18 /* Project object */ = {
			isa = PBXProject;
			attributes = {
				LastSwiftUpdateCheck = 1600;
				LastUpgradeCheck = 2630;
			};
			buildConfigurationList = 985876DC80E7C6337EFA8DFA /* Build configuration list for PBXProject "ChatStorage" */;
			compatibilityVersion = "Xcode 3.2";
			developmentRegion = en;
			hasScannedForEncodings = 0;
			knownRegions = (
				en,
				Base,
			);
			mainGroup = 83FA1C2370181E362A2DCC78;
			minimizedProjectReferenceProxies = 0;
			preferredProjectObjectVersion = 77;
			productRefGroup = EA10BD5C789779A9755D3D50 /* Products */;
			projectDirPath = "";
			projectRoot = "";
			targets = (
				914161FF19345A2BE6FB83F9 /* ChatStorage */,
				78ABF50BDC1679A8D02040F9 /* ChatStorageTests */,
				083F8577CD6F6C2DABB442FC /* ChatStorageUITests */,
			);
		};
/* End PBXProject section */

/* Begin PBXResourcesBuildPhase section */
		0288E7F9D239093BF7AD3FD4 /* Resources */ = {
			isa = PBXResourcesBuildPhase;
			buildActionMask = 2147483647;
			files = (
			);
			runOnlyForDeploymentPostprocessing = 0;
		};
		3F447E20068593CAF36403D4 /* Resources */ = {
			isa = PBXResourcesBuildPhase;
			buildActionMask = 2147483647;
			files = (
			);
			runOnlyForDeploymentPostprocessing = 0;
		};
		5CF269AC71BAEAD70E488035 /* Resources */ = {
			isa = PBXResourcesBuildPhase;
			buildActionMask = 2147483647;
			files = (
			);
			runOnlyForDeploymentPostprocessing = 0;
		};
/* End PBXResourcesBuildPhase section */

/* Begin PBXSourcesBuildPhase section */
		2B17123B9FF90AF1C831448E /* Sources */ = {
			isa = PBXSourcesBuildPhase;
			buildActionMask = 2147483647;
			files = (
				4C85A4D6D14532E585F5EB27 /* AppContainer.swift in Sources */,
				6A973CCD331A65B5969F98E6 /* AppSession.swift in Sources */,
				06CAD282664E292D5360D9EC /* ChatStorageApp.swift in Sources */,
				A6097F02F756D4F9B3A7B872 /* ControlConnection.swift in Sources */,
				DC68BCD6885660C1DC751CDF /* NWControlConnection.swift in Sources */,
				4ADD40D13DB7B0C136850BF2 /* RequestResponseClient.swift in Sources */,
				35789BB38930F856E1E2F17C /* ServerConfiguration.swift in Sources */,
				FBD8E25A1889405EC95373AB /* Frame.swift in Sources */,
				41900B2F58B801775C44D27E /* FrameCodec.swift in Sources */,
				A4AE29B36965B9453F02B05D /* FrameStreamDecoder.swift in Sources */,
				224DE6E430317C70B7C0DD49 /* FrameType.swift in Sources */,
				79D5430EAABB18F3424A63F9 /* ProtocolJSON.swift in Sources */,
				BD5900427897DA0D5055464F /* KeychainSecureStore.swift in Sources */,
				98779A204A04E72D6F0F93DF /* SecureStore.swift in Sources */,
				F77D9AEB1C5EC003F88400A3 /* AppTheme.swift in Sources */,
				A79C96D550D37D97D6448907 /* PatternBackground.swift in Sources */,
				8DEAF1B80E8D831D8CF69F50 /* AuthModels.swift in Sources */,
				1577EA94C32B7F481F948F5B /* AuthRepository.swift in Sources */,
				FFF4C5633EB1037602936EF4 /* LoginView.swift in Sources */,
				AB3C657F3B2D14D23E7ABD15 /* LoginViewModel.swift in Sources */,
				B0F98C98B83A9852B89112EF /* RemoteAuthRepository.swift in Sources */,
				137040358C2AD44BC6592F72 /* DrivePlaceholderView.swift in Sources */,
				9C0A01575D42732E4FED5AD3 /* FriendModels.swift in Sources */,
				F7C0882ED761A50CF6512888 /* FriendRepository.swift in Sources */,
				935F32C09D0E39A5674C9503 /* RemoteFriendRepository.swift in Sources */,
				F3A0884D78170E410C49FE47 /* MessagesPlaceholderView.swift in Sources */,
				D829965BCA35151362275B9C /* ProfilePlaceholderView.swift in Sources */,
				71B38247F88F26A242BCB355 /* ServerSettingsView.swift in Sources */,
				886032B7DBA4A46F5682DF03 /* MainShellView.swift in Sources */,
			);
			runOnlyForDeploymentPostprocessing = 0;
		};
		546158BA4BBF78F1AE26972C /* Sources */ = {
			isa = PBXSourcesBuildPhase;
			buildActionMask = 2147483647;
			files = (
				3E00D216231B142F3D946852 /* AppLaunchUITests.swift in Sources */,
			);
			runOnlyForDeploymentPostprocessing = 0;
		};
		5A52EC7C6454AE3F65A339B7 /* Sources */ = {
			isa = PBXSourcesBuildPhase;
			buildActionMask = 2147483647;
			files = (
				4BF8A4222DCE509235D98517 /* AppSessionTests.swift in Sources */,
				B1729A8209DAD6B603BF8D24 /* LoginViewModelTests.swift in Sources */,
				41636670CD01F03B6A2E6299 /* RemoteAuthRepositoryTests.swift in Sources */,
				F69CA41FC6B7C5F74E9AC86B /* RemoteFriendRepositoryTests.swift in Sources */,
				9AA22EA32FEAD1F040BBB224 /* RequestResponseClientTests.swift in Sources */,
				E3573226C54E11E3831E9D18 /* ServerConfigurationTests.swift in Sources */,
				C3159D26E7D28D95B9D82628 /* FrameCodecTests.swift in Sources */,
				5E2411E3FA6204EA1C0D0684 /* FrameStreamDecoderTests.swift in Sources */,
				DD5C820100B3EC02C5BA18EF /* KeychainSecureStoreTests.swift in Sources */,
				BE3C56B099F26881473B4EEF /* SmokeTests.swift in Sources */,
			);
			runOnlyForDeploymentPostprocessing = 0;
		};
/* End PBXSourcesBuildPhase section */

/* Begin PBXTargetDependency section */
		0E6598CFED714EB07270B77A /* PBXTargetDependency */ = {
			isa = PBXTargetDependency;
			name = ChatStorage;
			target = 914161FF19345A2BE6FB83F9 /* ChatStorage */;
			targetProxy = 2487F9BCD63F3B0364B8690E /* PBXContainerItemProxy */;
		};
		83CD7206AA6D47339F4D0604 /* PBXTargetDependency */ = {
			isa = PBXTargetDependency;
			name = ChatStorage;
			target = 914161FF19345A2BE6FB83F9 /* ChatStorage */;
			targetProxy = FDC767EDEB54E898193C2F49 /* PBXContainerItemProxy */;
		};
/* End PBXTargetDependency section */

/* Begin XCBuildConfiguration section */
		1ECBC6F24E8A1CA2ACD65131 /* Release */ = {
			isa = XCBuildConfiguration;
			buildSettings = {
				ALWAYS_SEARCH_USER_PATHS = NO;
				CLANG_ANALYZER_NONNULL = YES;
				CLANG_ANALYZER_NUMBER_OBJECT_CONVERSION = YES_AGGRESSIVE;
				CLANG_CXX_LANGUAGE_STANDARD = "gnu++14";
				CLANG_CXX_LIBRARY = "libc++";
				CLANG_ENABLE_MODULES = YES;
				CLANG_ENABLE_OBJC_ARC = YES;
				CLANG_ENABLE_OBJC_WEAK = YES;
				CLANG_WARN_BLOCK_CAPTURE_AUTORELEASING = YES;
				CLANG_WARN_BOOL_CONVERSION = YES;
				CLANG_WARN_COMMA = YES;
				CLANG_WARN_CONSTANT_CONVERSION = YES;
				CLANG_WARN_DEPRECATED_OBJC_IMPLEMENTATIONS = YES;
				CLANG_WARN_DIRECT_OBJC_ISA_USAGE = YES_ERROR;
				CLANG_WARN_DOCUMENTATION_COMMENTS = YES;
				CLANG_WARN_EMPTY_BODY = YES;
				CLANG_WARN_ENUM_CONVERSION = YES;
				CLANG_WARN_INFINITE_RECURSION = YES;
				CLANG_WARN_INT_CONVERSION = YES;
				CLANG_WARN_NON_LITERAL_NULL_CONVERSION = YES;
				CLANG_WARN_OBJC_IMPLICIT_RETAIN_SELF = YES;
				CLANG_WARN_OBJC_LITERAL_CONVERSION = YES;
				CLANG_WARN_OBJC_ROOT_CLASS = YES_ERROR;
				CLANG_WARN_QUOTED_INCLUDE_IN_FRAMEWORK_HEADER = YES;
				CLANG_WARN_RANGE_LOOP_ANALYSIS = YES;
				CLANG_WARN_STRICT_PROTOTYPES = YES;
				CLANG_WARN_SUSPICIOUS_MOVE = YES;
				CLANG_WARN_UNGUARDED_AVAILABILITY = YES_AGGRESSIVE;
				CLANG_WARN_UNREACHABLE_CODE = YES;
				CLANG_WARN__DUPLICATE_METHOD_MATCH = YES;
				COPY_PHASE_STRIP = NO;
				DEBUG_INFORMATION_FORMAT = "dwarf-with-dsym";
				ENABLE_NS_ASSERTIONS = NO;
				ENABLE_STRICT_OBJC_MSGSEND = YES;
				GCC_C_LANGUAGE_STANDARD = gnu11;
				GCC_NO_COMMON_BLOCKS = YES;
				GCC_WARN_64_TO_32_BIT_CONVERSION = YES;
				GCC_WARN_ABOUT_RETURN_TYPE = YES_ERROR;
				GCC_WARN_UNDECLARED_SELECTOR = YES;
				GCC_WARN_UNINITIALIZED_AUTOS = YES_AGGRESSIVE;
				GCC_WARN_UNUSED_FUNCTION = YES;
				GCC_WARN_UNUSED_VARIABLE = YES;
				MTL_ENABLE_DEBUG_INFO = NO;
				MTL_FAST_MATH = YES;
				PRODUCT_NAME = "$(TARGET_NAME)";
				SWIFT_COMPILATION_MODE = wholemodule;
				SWIFT_OPTIMIZATION_LEVEL = "-O";
				SWIFT_VERSION = 5.0;
			};
			name = Release;
		};
		297946A512A407C8F60AD8F9 /* Release */ = {
			isa = XCBuildConfiguration;
			buildSettings = {
				BUNDLE_LOADER = "$(TEST_HOST)";
				CLANG_ENABLE_MODULES = YES;
				CLANG_ENABLE_OBJC_WEAK = NO;
				CODE_SIGN_STYLE = Automatic;
				GENERATE_INFOPLIST_FILE = YES;
				IPHONEOS_DEPLOYMENT_TARGET = 26.0;
				PRODUCT_BUNDLE_IDENTIFIER = com.alibaba.chatstorage.ios.tests;
				SDKROOT = iphoneos;
				SWIFT_EMIT_LOC_STRINGS = YES;
				SWIFT_VERSION = 6.0;
				TARGETED_DEVICE_FAMILY = 1;
				TEST_HOST = "$(BUILT_PRODUCTS_DIR)/ChatStorage.app/ChatStorage";
				VALIDATE_PRODUCT = YES;
			};
			name = Release;
		};
		356FF741876818844ACCA4D0 /* Debug */ = {
			isa = XCBuildConfiguration;
			buildSettings = {
				ALWAYS_SEARCH_USER_PATHS = NO;
				CLANG_ANALYZER_NONNULL = YES;
				CLANG_ANALYZER_NUMBER_OBJECT_CONVERSION = YES_AGGRESSIVE;
				CLANG_CXX_LANGUAGE_STANDARD = "gnu++14";
				CLANG_CXX_LIBRARY = "libc++";
				CLANG_ENABLE_MODULES = YES;
				CLANG_ENABLE_OBJC_ARC = YES;
				CLANG_ENABLE_OBJC_WEAK = YES;
				CLANG_WARN_BLOCK_CAPTURE_AUTORELEASING = YES;
				CLANG_WARN_BOOL_CONVERSION = YES;
				CLANG_WARN_COMMA = YES;
				CLANG_WARN_CONSTANT_CONVERSION = YES;
				CLANG_WARN_DEPRECATED_OBJC_IMPLEMENTATIONS = YES;
				CLANG_WARN_DIRECT_OBJC_ISA_USAGE = YES_ERROR;
				CLANG_WARN_DOCUMENTATION_COMMENTS = YES;
				CLANG_WARN_EMPTY_BODY = YES;
				CLANG_WARN_ENUM_CONVERSION = YES;
				CLANG_WARN_INFINITE_RECURSION = YES;
				CLANG_WARN_INT_CONVERSION = YES;
				CLANG_WARN_NON_LITERAL_NULL_CONVERSION = YES;
				CLANG_WARN_OBJC_IMPLICIT_RETAIN_SELF = YES;
				CLANG_WARN_OBJC_LITERAL_CONVERSION = YES;
				CLANG_WARN_OBJC_ROOT_CLASS = YES_ERROR;
				CLANG_WARN_QUOTED_INCLUDE_IN_FRAMEWORK_HEADER = YES;
				CLANG_WARN_RANGE_LOOP_ANALYSIS = YES;
				CLANG_WARN_STRICT_PROTOTYPES = YES;
				CLANG_WARN_SUSPICIOUS_MOVE = YES;
				CLANG_WARN_UNGUARDED_AVAILABILITY = YES_AGGRESSIVE;
				CLANG_WARN_UNREACHABLE_CODE = YES;
				CLANG_WARN__DUPLICATE_METHOD_MATCH = YES;
				COPY_PHASE_STRIP = NO;
				DEBUG_INFORMATION_FORMAT = dwarf;
				ENABLE_STRICT_OBJC_MSGSEND = YES;
				ENABLE_TESTABILITY = YES;
				GCC_C_LANGUAGE_STANDARD = gnu11;
				GCC_DYNAMIC_NO_PIC = NO;
				GCC_NO_COMMON_BLOCKS = YES;
				GCC_OPTIMIZATION_LEVEL = 0;
				GCC_PREPROCESSOR_DEFINITIONS = (
					"DEBUG=1",
					"$(inherited)",
				);
				GCC_WARN_64_TO_32_BIT_CONVERSION = YES;
				GCC_WARN_ABOUT_RETURN_TYPE = YES_ERROR;
				GCC_WARN_UNDECLARED_SELECTOR = YES;
				GCC_WARN_UNINITIALIZED_AUTOS = YES_AGGRESSIVE;
				GCC_WARN_UNUSED_FUNCTION = YES;
				GCC_WARN_UNUSED_VARIABLE = YES;
				MTL_ENABLE_DEBUG_INFO = INCLUDE_SOURCE;
				MTL_FAST_MATH = YES;
				ONLY_ACTIVE_ARCH = YES;
				PRODUCT_NAME = "$(TARGET_NAME)";
				SWIFT_ACTIVE_COMPILATION_CONDITIONS = DEBUG;
				SWIFT_OPTIMIZATION_LEVEL = "-Onone";
				SWIFT_VERSION = 5.0;
			};
			name = Debug;
		};
		7229D9F0632C7C32C91C3751 /* Release */ = {
			isa = XCBuildConfiguration;
			buildSettings = {
				ASSETCATALOG_COMPILER_APPICON_NAME = AppIcon;
				ASSETCATALOG_COMPILER_GLOBAL_ACCENT_COLOR_NAME = AccentColor;
				CLANG_ENABLE_MODULES = YES;
				CLANG_ENABLE_OBJC_WEAK = NO;
				CODE_SIGN_STYLE = Automatic;
				GENERATE_INFOPLIST_FILE = NO;
				INFOPLIST_FILE = ChatStorage/Resources/Info.plist;
				IPHONEOS_DEPLOYMENT_TARGET = 26.0;
				LD_RUNPATH_SEARCH_PATHS = "$(inherited) @executable_path/Frameworks";
				PRODUCT_BUNDLE_IDENTIFIER = com.alibaba.chatstorage.ios;
				PRODUCT_NAME = ChatStorage;
				SDKROOT = iphoneos;
				SWIFT_EMIT_LOC_STRINGS = YES;
				SWIFT_VERSION = 6.0;
				TARGETED_DEVICE_FAMILY = 1;
				VALIDATE_PRODUCT = YES;
			};
			name = Release;
		};
		8653217FE2ACCDC7B4A4542F /* Debug */ = {
			isa = XCBuildConfiguration;
			buildSettings = {
				ASSETCATALOG_COMPILER_APPICON_NAME = AppIcon;
				ASSETCATALOG_COMPILER_GLOBAL_ACCENT_COLOR_NAME = AccentColor;
				CLANG_ENABLE_MODULES = YES;
				CLANG_ENABLE_OBJC_WEAK = NO;
				CODE_SIGN_STYLE = Automatic;
				GENERATE_INFOPLIST_FILE = NO;
				INFOPLIST_FILE = ChatStorage/Resources/Info.plist;
				IPHONEOS_DEPLOYMENT_TARGET = 26.0;
				LD_RUNPATH_SEARCH_PATHS = "$(inherited) @executable_path/Frameworks";
				PRODUCT_BUNDLE_IDENTIFIER = com.alibaba.chatstorage.ios;
				PRODUCT_NAME = ChatStorage;
				SDKROOT = iphoneos;
				SWIFT_EMIT_LOC_STRINGS = YES;
				SWIFT_VERSION = 6.0;
				TARGETED_DEVICE_FAMILY = 1;
			};
			name = Debug;
		};
		A970945A5A4ABC52B8F9580C /* Debug */ = {
			isa = XCBuildConfiguration;
			buildSettings = {
				BUNDLE_LOADER = "$(TEST_HOST)";
				CLANG_ENABLE_MODULES = YES;
				CLANG_ENABLE_OBJC_WEAK = NO;
				CODE_SIGN_STYLE = Automatic;
				GENERATE_INFOPLIST_FILE = YES;
				IPHONEOS_DEPLOYMENT_TARGET = 26.0;
				PRODUCT_BUNDLE_IDENTIFIER = com.alibaba.chatstorage.ios.tests;
				SDKROOT = iphoneos;
				SWIFT_EMIT_LOC_STRINGS = YES;
				SWIFT_VERSION = 6.0;
				TARGETED_DEVICE_FAMILY = 1;
				TEST_HOST = "$(BUILT_PRODUCTS_DIR)/ChatStorage.app/ChatStorage";
			};
			name = Debug;
		};
		B4D36660956B8FBA6796ED7D /* Release */ = {
			isa = XCBuildConfiguration;
			buildSettings = {
				CLANG_ENABLE_MODULES = YES;
				CLANG_ENABLE_OBJC_WEAK = NO;
				CODE_SIGN_STYLE = Automatic;
				GENERATE_INFOPLIST_FILE = YES;
				IPHONEOS_DEPLOYMENT_TARGET = 26.0;
				PRODUCT_BUNDLE_IDENTIFIER = com.alibaba.chatstorage.ios.uitests;
				SDKROOT = iphoneos;
				SWIFT_EMIT_LOC_STRINGS = YES;
				SWIFT_VERSION = 6.0;
				TARGETED_DEVICE_FAMILY = 1;
				TEST_TARGET_NAME = ChatStorage;
				VALIDATE_PRODUCT = YES;
			};
			name = Release;
		};
		C3205585BD905BE27A06932E /* Debug */ = {
			isa = XCBuildConfiguration;
			buildSettings = {
				CLANG_ENABLE_MODULES = YES;
				CLANG_ENABLE_OBJC_WEAK = NO;
				CODE_SIGN_STYLE = Automatic;
				GENERATE_INFOPLIST_FILE = YES;
				IPHONEOS_DEPLOYMENT_TARGET = 26.0;
				PRODUCT_BUNDLE_IDENTIFIER = com.alibaba.chatstorage.ios.uitests;
				SDKROOT = iphoneos;
				SWIFT_EMIT_LOC_STRINGS = YES;
				SWIFT_VERSION = 6.0;
				TARGETED_DEVICE_FAMILY = 1;
				TEST_TARGET_NAME = ChatStorage;
			};
			name = Debug;
		};
/* End XCBuildConfiguration section */

/* Begin XCConfigurationList section */
		985876DC80E7C6337EFA8DFA /* Build configuration list for PBXProject "ChatStorage" */ = {
			isa = XCConfigurationList;
			buildConfigurations = (
				356FF741876818844ACCA4D0 /* Debug */,
				1ECBC6F24E8A1CA2ACD65131 /* Release */,
			);
			defaultConfigurationIsVisible = 0;
			defaultConfigurationName = Release;
		};
		E4C9BDC4EE420580546CF441 /* Build configuration list for PBXNativeTarget "ChatStorageUITests" */ = {
			isa = XCConfigurationList;
			buildConfigurations = (
				B4D36660956B8FBA6796ED7D /* Release */,
				C3205585BD905BE27A06932E /* Debug */,
			);
			defaultConfigurationIsVisible = 0;
			defaultConfigurationName = Release;
		};
		F2F61CA40E6E00D7D45591EB /* Build configuration list for PBXNativeTarget "ChatStorage" */ = {
			isa = XCConfigurationList;
			buildConfigurations = (
				7229D9F0632C7C32C91C3751 /* Release */,
				8653217FE2ACCDC7B4A4542F /* Debug */,
			);
			defaultConfigurationIsVisible = 0;
			defaultConfigurationName = Release;
		};
		F8867C964A186CEEE42FF741 /* Build configuration list for PBXNativeTarget "ChatStorageTests" */ = {
			isa = XCConfigurationList;
			buildConfigurations = (
				297946A512A407C8F60AD8F9 /* Release */,
				A970945A5A4ABC52B8F9580C /* Debug */,
			);
			defaultConfigurationIsVisible = 0;
			defaultConfigurationName = Release;
		};
/* End XCConfigurationList section */
	};
	rootObject = 1F67B8B5500287443E932E18 /* Project object */;
}
